// !$*UTF8*$!
{
	archiveVersion = 1;
	classes = {
	};
	objectVersion = 50;
	objects = {

/* Begin PBXBuildFile section */
		8423F53D241E454600E54D18 /* GameCell.swift in Sources */ = {isa = PBXBuildFile; fileRef = 8423F53B241E454600E54D18 /* GameCell.swift */; };
		8423F53E241E454600E54D18 /* GameCell.xib in Resources */ = {isa = PBXBuildFile; fileRef = 8423F53C241E454600E54D18 /* GameCell.xib */; };
		8423F541241E682100E54D18 /* Events.swift in Sources */ = {isa = PBXBuildFile; fileRef = 8423F540241E682100E54D18 /* Events.swift */; };
		8423F543241E688D00E54D18 /* EventsDescription.swift in Sources */ = {isa = PBXBuildFile; fileRef = 8423F542241E688D00E54D18 /* EventsDescription.swift */; };
		8423F546241E6C0400E54D18 /* EventsViewController.swift in Sources */ = {isa = PBXBuildFile; fileRef = 8423F544241E6C0400E54D18 /* EventsViewController.swift */; };
		8423F547241E6C0400E54D18 /* EventsViewController.xib in Resources */ = {isa = PBXBuildFile; fileRef = 8423F545241E6C0400E54D18 /* EventsViewController.xib */; };
		8498C69F24169CCC00EF02A5 /* AppDelegate.swift in Sources */ = {isa = PBXBuildFile; fileRef = 8498C69E24169CCC00EF02A5 /* AppDelegate.swift */; };
		8498C6A124169CCC00EF02A5 /* SceneDelegate.swift in Sources */ = {isa = PBXBuildFile; fileRef = 8498C6A024169CCC00EF02A5 /* SceneDelegate.swift */; };
		8498C6A324169CCC00EF02A5 /* MainViewController.swift in Sources */ = {isa = PBXBuildFile; fileRef = 8498C6A224169CCC00EF02A5 /* MainViewController.swift */; };
		8498C6A624169CCC00EF02A5 /* Main.storyboard in Resources */ = {isa = PBXBuildFile; fileRef = 8498C6A424169CCC00EF02A5 /* Main.storyboard */; };
		8498C6A824169CCE00EF02A5 /* Assets.xcassets in Resources */ = {isa = PBXBuildFile; fileRef = 8498C6A724169CCE00EF02A5 /* Assets.xcassets */; };
		8498C6AB24169CCE00EF02A5 /* LaunchScreen.storyboard in Resources */ = {isa = PBXBuildFile; fileRef = 8498C6A924169CCE00EF02A5 /* LaunchScreen.storyboard */; };
/* End PBXBuildFile section */

/* Begin PBXFileReference section */
		8423F53B241E454600E54D18 /* GameCell.swift */ = {isa = PBXFileReference; lastKnownFileType = sourcecode.swift; path = GameCell.swift; sourceTree = "<group>"; };
		8423F53C241E454600E54D18 /* GameCell.xib */ = {isa = PBXFileReference; lastKnownFileType = file.xib; path = GameCell.xib; sourceTree = "<group>"; };
		8423F540241E682100E54D18 /* Events.swift */ = {isa = PBXFileReference; lastKnownFileType = sourcecode.swift; path = Events.swift; sourceTree = "<group>"; };
		8423F542241E688D00E54D18 /* EventsDescription.swift */ = {isa = PBXFileReference; lastKnownFileType = sourcecode.swift; path = EventsDescription.swift; sourceTree = "<group>"; };
		8423F544241E6C0400E54D18 /* EventsViewController.swift */ = {isa = PBXFileReference; lastKnownFileType = sourcecode.swift; path = EventsViewController.swift; sourceTree = "<group>"; };
		8423F545241E6C0400E54D18 /* EventsViewController.xib */ = {isa = PBXFileReference; lastKnownFileType = file.xib; path = EventsViewController.xib; sourceTree = "<group>"; };
		8498C69B24169CCC00EF02A5 /* AdventureTomb.app */ = {isa = PBXFileReference; explicitFileType = wrapper.application; includeInIndex = 0; path = AdventureTomb.app; sourceTree = BUILT_PRODUCTS_DIR; };
		8498C69E24169CCC00EF02A5 /* AppDelegate.swift */ = {isa = PBXFileReference; lastKnownFileType = sourcecode.swift; path = AppDelegate.swift; sourceTree = "<group>"; };
		8498C6A024169CCC00EF02A5 /* SceneDelegate.swift */ = {isa = PBXFileReference; lastKnownFileType = sourcecode.swift; path = SceneDelegate.swift; sourceTree = "<group>"; };
		8498C6A224169CCC00EF02A5 /* MainViewController.swift */ = {isa = PBXFileReference; lastKnownFileType = sourcecode.swift; path = MainViewController.swift; sourceTree = "<group>"; };
		8498C6A524169CCC00EF02A5 /* Base */ = {isa = PBXFileReference; lastKnownFileType = file.storyboard; name = Base; path = Base.lproj/Main.storyboard; sourceTree = "<group>"; };
		8498C6A724169CCE00EF02A5 /* Assets.xcassets */ = {isa = PBXFileReference; lastKnownFileType = folder.assetcatalog; path = Assets.xcassets; sourceTree = "<group>"; };
		8498C6AA24169CCE00EF02A5 /* Base */ = {isa = PBXFileReference; lastKnownFileType = file.storyboard; name = Base; path = Base.lproj/LaunchScreen.storyboard; sourceTree = "<group>"; };
		8498C6AC24169CCE00EF02A5 /* Info.plist */ = {isa = PBXFileReference; lastKnownFileType = text.plist.xml; path = Info.plist; sourceTree = "<group>"; };
/* End PBXFileReference section */

/* Begin PBXFrameworksBuildPhase section */
		8498C69824169CCC00EF02A5 /* Frameworks */ = {
			isa = PBXFrameworksBuildPhase;
			buildActionMask = 2147483647;
			files = (
			);
			runOnlyForDeploymentPostprocessing = 0;
		};
/* End PBXFrameworksBuildPhase section */

/* Begin PBXGroup section */
		8423F53A241E44E800E54D18 /* Cell */ = {
			isa = PBXGroup;
			children = (
				8423F53B241E454600E54D18 /* GameCell.swift */,
				8423F53C241E454600E54D18 /* GameCell.xib */,
			);
			path = Cell;
			sourceTree = "<group>";
		};
		8423F53F241E680700E54D18 /* Events */ = {
			isa = PBXGroup;
			children = (
				8423F540241E682100E54D18 /* Events.swift */,
				8423F542241E688D00E54D18 /* EventsDescription.swift */,
				8423F544241E6C0400E54D18 /* EventsViewController.swift */,
				8423F545241E6C0400E54D18 /* EventsViewController.xib */,
			);
			path = Events;
			sourceTree = "<group>";
		};
		8498C69224169CCC00EF02A5 = {
			isa = PBXGroup;
			children = (
				8498C69D24169CCC00EF02A5 /* AdventureTomb */,
				8498C69C24169CCC00EF02A5 /* Products */,
			);
			sourceTree = "<group>";
		};
		8498C69C24169CCC00EF02A5 /* Products */ = {
			isa = PBXGroup;
			children = (
				8498C69B24169CCC00EF02A5 /* AdventureTomb.app */,
			);
			name = Products;
			sourceTree = "<group>";
		};
		8498C69D24169CCC00EF02A5 /* AdventureTomb */ = {
			isa = PBXGroup;
			children = (
				8423F53F241E680700E54D18 /* Events */,
				8423F53A241E44E800E54D18 /* Cell */,
				8498C69E24169CCC00EF02A5 /* AppDelegate.swift */,
				8498C6A024169CCC00EF02A5 /* SceneDelegate.swift */,
				8498C6A224169CCC00EF02A5 /* MainViewController.swift */,
				8498C6A424169CCC00EF02A5 /* Main.storyboard */,
				8498C6A724169CCE00EF02A5 /* Assets.xcassets */,
				8498C6A924169CCE00EF02A5 /* LaunchScreen.storyboard */,
				8498C6AC24169CCE00EF02A5 /* Info.plist */,
			);
			path = AdventureTomb;
			sourceTree = "<group>";
		};
/* End PBXGroup section */

/* Begin PBXNativeTarget section */
		8498C69A24169CCC00EF02A5 /* AdventureTomb */ = {
			isa = PBXNativeTarget;
			buildConfigurationList = 8498C6AF24169CCE00EF02A5 /* Build configuration list for PBXNativeTarget "AdventureTomb" */;
			buildPhases = (
				8498C69724169CCC00EF02A5 /* Sources */,
				8498C69824169CCC00EF02A5 /* Frameworks */,
				8498C69924169CCC00EF02A5 /* Resources */,
			);
			buildRules = (
			);
			dependencies = (
			);
			name = AdventureTomb;
			productName = AdventureTomb;
			productReference = 8498C69B24169CCC00EF02A5 /* AdventureTomb.app */;
			productType = "com.apple.product-type.application";
		};
/* End PBXNativeTarget section */

/* Begin PBXProject section */
		8498C69324169CCC00EF02A5 /* Project object */ = {
			isa = PBXProject;
			attributes = {
				LastSwiftUpdateCheck = 1130;
				LastUpgradeCheck = 1130;
				ORGANIZATIONNAME = MaximMasov;
				TargetAttributes = {
					8498C69A24169CCC00EF02A5 = {
						CreatedOnToolsVersion = 11.3;
					};
				};
			};
			buildConfigurationList = 8498C69624169CCC00EF02A5 /* Build configuration list for PBXProject "AdventureTomb" */;
			compatibilityVersion = "Xcode 9.3";
			developmentRegion = en;
			hasScannedForEncodings = 0;
			knownRegions = (
				en,
				Base,
			);
			mainGroup = 8498C69224169CCC00EF02A5;
			productRefGroup = 8498C69C24169CCC00EF02A5 /* Products */;
			projectDirPath = "";
			projectRoot = "";
			targets = (
				8498C69A24169CCC00EF02A5 /* AdventureTomb */,
			);
		};
/* End PBXProject section */

/* Begin PBXResourcesBuildPhase section */
		8498C69924169CCC00EF02A5 /* Resources */ = {
			isa = PBXResourcesBuildPhase;
			buildActionMask = 2147483647;
			files = (
				8498C6AB24169CCE00EF02A5 /* LaunchScreen.storyboard in Resources */,
				8423F547241E6C0400E54D18 /* EventsViewController.xib in Resources */,
				8498C6A824169CCE00EF02A5 /* Assets.xcassets in Resources */,
				8498C6A624169CCC00EF02A5 /* Main.storyboard in Resources */,
				8423F53E241E454600E54D18 /* GameCell.xib in Resources */,
			);
			runOnlyForDeploymentPostprocessing = 0;
		};
/* End PBXResourcesBuildPhase section */

/* Begin PBXSourcesBuildPhase section */
		8498C69724169CCC00EF02A5 /* Sources */ = {
			isa = PBXSourcesBuildPhase;
			buildActionMask = 2147483647;
			files = (
				8423F541241E682100E54D18 /* Events.swift in Sources */,
				8498C6A324169CCC00EF02A5 /* MainViewController.swift in Sources */,
				8498C69F24169CCC00EF02A5 /* AppDelegate.swift in Sources */,
				8498C6A124169CCC00EF02A5 /* SceneDelegate.swift in Sources */,
				8423F546241E6C0400E54D18 /* EventsViewController.swift in Sources */,
				8423F53D241E454600E54D18 /* GameCell.swift in Sources */,
				8423F543241E688D00E54D18 /* EventsDescription.swift in Sources */,
			);
			runOnlyForDeploymentPostprocessing = 0;
		};
/* End PBXSourcesBuildPhase section */

/* Begin PBXVariantGroup section */
		8498C6A424169CCC00EF02A5 /* Main.storyboard */ = {
			isa = PBXVariantGroup;
			children = (
				8498C6A524169CCC00EF02A5 /* Base */,
			);
			name = Main.storyboard;
			sourceTree = "<group>";
		};
		8498C6A924169CCE00EF02A5 /* LaunchScreen.storyboard */ = {
			isa = PBXVariantGroup;
			children = (
				8498C6AA24169CCE00EF02A5 /* Base */,
			);
			name = LaunchScreen.storyboard;
			sourceTree = "<group>";
		};
/* End PBXVariantGroup section */

/* Begin XCBuildConfiguration section */
		8498C6AD24169CCE00EF02A5 /* Debug */ = {
			isa = XCBuildConfiguration;
			buildSettings = {
				ALWAYS_SEARCH_USER_PATHS = NO;
				CLANG_ANALYZER_NONNULL = YES;
				CLANG_ANALYZER_NUMBER_OBJECT_CONVERSION = YES_AGGRESSIVE;
				CLANG_CXX_LANGUAGE_STANDARD = "gnu++14";
				CLANG_CXX_LIBRARY = "libc++";
				CLANG_ENABLE_MODULES = YES;
				CLANG_ENABLE_OBJC_ARC = YES;
				CLANG_ENABLE_OBJC_WEAK = YES;
				CLANG_WARN_BLOCK_CAPTURE_AUTORELEASING = YES;
				CLANG_WARN_BOOL_CONVERSION = YES;
				CLANG_WARN_COMMA = YES;
				CLANG_WARN_CONSTANT_CONVERSION = YES;
				CLANG_WARN_DEPRECATED_OBJC_IMPLEMENTATIONS = YES;
				CLANG_WARN_DIRECT_OBJC_ISA_USAGE = YES_ERROR;
				CLANG_WARN_DOCUMENTATION_COMMENTS = YES;
				CLANG_WARN_EMPTY_BODY = YES;
				CLANG_WARN_ENUM_CONVERSION = YES;
				CLANG_WARN_INFINITE_RECURSION = YES;
				CLANG_WARN_INT_CONVERSION = YES;
				CLANG_WARN_NON_LITERAL_NULL_CONVERSION = YES;
				CLANG_WARN_OBJC_IMPLICIT_RETAIN_SELF = YES;
				CLANG_WARN_OBJC_LITERAL_CONVERSION = YES;
				CLANG_WARN_OBJC_ROOT_CLASS = YES_ERROR;
				CLANG_WARN_RANGE_LOOP_ANALYSIS = YES;
				CLANG_WARN_STRICT_PROTOTYPES = YES;
				CLANG_WARN_SUSPICIOUS_MOVE = YES;
				CLANG_WARN_UNGUARDED_AVAILABILITY = YES_AGGRESSIVE;
				CLANG_WARN_UNREACHABLE_CODE = YES;
				CLANG_WARN__DUPLICATE_METHOD_MATCH = YES;
				COPY_PHASE_STRIP = NO;
				DEBUG_INFORMATION_FORMAT = dwarf;
				ENABLE_STRICT_OBJC_MSGSEND = YES;
				ENABLE_TESTABILITY = YES;
				GCC_C_LANGUAGE_STANDARD = gnu11;
				GCC_DYNAMIC_NO_PIC = NO;
				GCC_NO_COMMON_BLOCKS = YES;
				GCC_OPTIMIZATION_LEVEL = 0;
				GCC_PREPROCESSOR_DEFINITIONS = (
					"DEBUG=1",
					"$(inherited)",
				);
				GCC_WARN_64_TO_32_BIT_CONVERSION = YES;
				GCC_WARN_ABOUT_RETURN_TYPE = YES_ERROR;
				GCC_WARN_UNDECLARED_SELECTOR = YES;
				GCC_WARN_UNINITIALIZED_AUTOS = YES_AGGRESSIVE;
				GCC_WARN_UNUSED_FUNCTION = YES;
				GCC_WARN_UNUSED_VARIABLE = YES;
				IPHONEOS_DEPLOYMENT_TARGET = 13.2;
				MTL_ENABLE_DEBUG_INFO = INCLUDE_SOURCE;
				MTL_FAST_MATH = YES;
				ONLY_ACTIVE_ARCH = YES;
				SDKROOT = iphoneos;
				SWIFT_ACTIVE_COMPILATION_CONDITIONS = DEBUG;
				SWIFT_OPTIMIZATION_LEVEL = "-Onone";
			};
			name = Debug;
		};
		8498C6AE24169CCE00EF02A5 /* Release */ = {
			isa = XCBuildConfiguration;
			buildSettings = {
				ALWAYS_SEARCH_USER_PATHS = NO;
				CLANG_ANALYZER_NONNULL = YES;
				CLANG_ANALYZER_NUMBER_OBJECT_CONVERSION = YES_AGGRESSIVE;
				CLANG_CXX_LANGUAGE_STANDARD = "gnu++14";
				CLANG_CXX_LIBRARY = "libc++";
				CLANG_ENABLE_MODULES = YES;
				CLANG_ENABLE_OBJC_ARC = YES;
				CLANG_ENABLE_OBJC_WEAK = YES;
				CLANG_WARN_BLOCK_CAPTURE_AUTORELEASING = YES;
				CLANG_WARN_BOOL_CONVERSION = YES;
				CLANG_WARN_COMMA = YES;
				CLANG_WARN_CONSTANT_CONVERSION = YES;
				CLANG_WARN_DEPRECATED_OBJC_IMPLEMENTATIONS = YES;
				CLANG_WARN_DIRECT_OBJC_ISA_USAGE = YES_ERROR;
				CLANG_WARN_DOCUMENTATION_COMMENTS = YES;
				CLANG_WARN_EMPTY_BODY = YES;
				CLANG_WARN_ENUM_CONVERSION = YES;
				CLANG_WARN_INFINITE_RECURSION = YES;
				CLANG_WARN_INT_CONVERSION = YES;
				CLANG_WARN_NON_LITERAL_NULL_CONVERSION = YES;
				CLANG_WARN_OBJC_IMPLICIT_RETAIN_SELF = YES;
				CLANG_WARN_OBJC_LITERAL_CONVERSION = YES;
				CLANG_WARN_OBJC_ROOT_CLASS = YES_ERROR;
				CLANG_WARN_RANGE_LOOP_ANALYSIS = YES;
				CLANG_WARN_STRICT_PROTOTYPES = YES;
				CLANG_WARN_SUSPICIOUS_MOVE = YES;
				CLANG_WARN_UNGUARDED_AVAILABILITY = YES_AGGRESSIVE;
				CLANG_WARN_UNREACHABLE_CODE = YES;
				CLANG_WARN__DUPLICATE_METHOD_MATCH = YES;
				COPY_PHASE_STRIP = NO;
				DEBUG_INFORMATION_FORMAT = "dwarf-with-dsym";
				ENABLE_NS_ASSERTIONS = NO;
				ENABLE_STRICT_OBJC_MSGSEND = YES;
				GCC_C_LANGUAGE_STANDARD = gnu11;
				GCC_NO_COMMON_BLOCKS = YES;
				GCC_WARN_64_TO_32_BIT_CONVERSION = YES;
				GCC_WARN_ABOUT_RETURN_TYPE = YES_ERROR;
				GCC_WARN_UNDECLARED_SELECTOR = YES;
				GCC_WARN_UNINITIALIZED_AUTOS = YES_AGGRESSIVE;
				GCC_WARN_UNUSED_FUNCTION = YES;
				GCC_WARN_UNUSED_VARIABLE = YES;
				IPHONEOS_DEPLOYMENT_TARGET = 13.2;
				MTL_ENABLE_DEBUG_INFO = NO;
				MTL_FAST_MATH = YES;
				SDKROOT = iphoneos;
				SWIFT_COMPILATION_MODE = wholemodule;
				SWIFT_OPTIMIZATION_LEVEL = "-O";
				VALIDATE_PRODUCT = YES;
			};
			name = Release;
		};
		8498C6B024169CCE00EF02A5 /* Debug */ = {
			isa = XCBuildConfiguration;
			buildSettings = {
				ASSETCATALOG_COMPILER_APPICON_NAME = AppIcon;
				CODE_SIGN_STYLE = Automatic;
				INFOPLIST_FILE = AdventureTomb/Info.plist;
				LD_RUNPATH_SEARCH_PATHS = (
					"$(inherited)",
					"@executable_path/Frameworks",
				);
				PRODUCT_BUNDLE_IDENTIFIER = com.maccadley.AdventureTomb;
				PRODUCT_NAME = "$(TARGET_NAME)";
				SWIFT_VERSION = 5.0;
				TARGETED_DEVICE_FAMILY = "1,2";
			};
			name = Debug;
		};
		8498C6B124169CCE00EF02A5 /* Release */ = {
			isa = XCBuildConfiguration;
			buildSettings = {
				ASSETCATALOG_COMPILER_APPICON_NAME = AppIcon;
				CODE_SIGN_STYLE = Automatic;
				INFOPLIST_FILE = AdventureTomb/Info.plist;
				LD_RUNPATH_SEARCH_PATHS = (
					"$(inherited)",
					"@executable_path/Frameworks",
				);
				PRODUCT_BUNDLE_IDENTIFIER = com.maccadley.AdventureTomb;
				PRODUCT_NAME = "$(TARGET_NAME)";
				SWIFT_VERSION = 5.0;
				TARGETED_DEVICE_FAMILY = "1,2";
			};
			name = Release;
		};
/* End XCBuildConfiguration section */

/* Begin XCConfigurationList section */
		8498C69624169CCC00EF02A5 /* Build configuration list for PBXProject "AdventureTomb" */ = {
			isa = XCConfigurationList;
			buildConfigurations = (
				8498C6AD24169CCE00EF02A5 /* Debug */,
				8498C6AE24169CCE00EF02A5 /* Release */,
			);
			defaultConfigurationIsVisible = 0;
			defaultConfigurationName = Release;
		};
		8498C6AF24169CCE00EF02A5 /* Build configuration list for PBXNativeTarget "AdventureTomb" */ = {
			isa = XCConfigurationList;
			buildConfigurations = (
				8498C6B024169CCE00EF02A5 /* Debug */,
				8498C6B124169CCE00EF02A5 /* Release */,
			);
			defaultConfigurationIsVisible = 0;
			defaultConfigurationName = Release;
		};
/* End XCConfigurationList section */
	};
	rootObject = 8498C69324169CCC00EF02A5 /* Project object */;
}
