// !$*UTF8*$!
{
	archiveVersion = 1;
	classes = {
	};
	objectVersion = 51;
	objects = {

/* Begin PBXBuildFile section */
		3E3185D1241C0381000FD0C2 /* GoogleService-Info.plist in Resources */ = {isa = PBXBuildFile; fileRef = 3E3185D0241C0381000FD0C2 /* GoogleService-Info.plist */; };
		3E6BD3D3241FD70800CA6780 /* FirebaseService.swift in Sources */ = {isa = PBXBuildFile; fileRef = 3E6BD3D2241FD70800CA6780 /* FirebaseService.swift */; };
		3E78E7132422218F0053DD1C /* ExtensionAuth.swift in Sources */ = {isa = PBXBuildFile; fileRef = 3E78E7122422218F0053DD1C /* ExtensionAuth.swift */; };
		3E78E71524222A700053DD1C /* Utilities.swift in Sources */ = {isa = PBXBuildFile; fileRef = 3E78E71424222A700053DD1C /* Utilities.swift */; };
		8435E3AC242663390059A05C /* ChatsListTableViewCell.swift in Sources */ = {isa = PBXBuildFile; fileRef = 8435E3AA242663390059A05C /* ChatsListTableViewCell.swift */; };
		8435E3AD242663390059A05C /* ChatsListTableViewCell.xib in Resources */ = {isa = PBXBuildFile; fileRef = 8435E3AB242663390059A05C /* ChatsListTableViewCell.xib */; };
		8435E3B024266E400059A05C /* ChatListUtilities.swift in Sources */ = {isa = PBXBuildFile; fileRef = 8435E3AF24266E400059A05C /* ChatListUtilities.swift */; };
		867B2F7B2412585C00B16B01 /* AppDelegate.swift in Sources */ = {isa = PBXBuildFile; fileRef = 867B2F7A2412585C00B16B01 /* AppDelegate.swift */; };
		867B2F822412585C00B16B01 /* Main.storyboard in Resources */ = {isa = PBXBuildFile; fileRef = 867B2F802412585C00B16B01 /* Main.storyboard */; };
		867B2F842412586000B16B01 /* Assets.xcassets in Resources */ = {isa = PBXBuildFile; fileRef = 867B2F832412586000B16B01 /* Assets.xcassets */; };
		867B2F872412586000B16B01 /* LaunchScreen.storyboard in Resources */ = {isa = PBXBuildFile; fileRef = 867B2F852412586000B16B01 /* LaunchScreen.storyboard */; };
		AA1B5FC6241BF0DE0080443A /* SignInRouter.swift in Sources */ = {isa = PBXBuildFile; fileRef = AA1B5FC5241BF0DE0080443A /* SignInRouter.swift */; };
		AA1B5FC8241BF1C30080443A /* RegistrationCodeConfirmationRouter.swift in Sources */ = {isa = PBXBuildFile; fileRef = AA1B5FC7241BF1C30080443A /* RegistrationCodeConfirmationRouter.swift */; };
		AA1B5FCA241BF1D00080443A /* CreatePasswordRouter.swift in Sources */ = {isa = PBXBuildFile; fileRef = AA1B5FC9241BF1D00080443A /* CreatePasswordRouter.swift */; };
		AA1B5FCC241BF1DE0080443A /* SetupProfileRouter.swift in Sources */ = {isa = PBXBuildFile; fileRef = AA1B5FCB241BF1DE0080443A /* SetupProfileRouter.swift */; };
		AA1B5FCE241BF1F00080443A /* SignUpRouter.swift in Sources */ = {isa = PBXBuildFile; fileRef = AA1B5FCD241BF1F00080443A /* SignUpRouter.swift */; };
		AA1B5FD0241BF2010080443A /* GreetingRouter.swift in Sources */ = {isa = PBXBuildFile; fileRef = AA1B5FCF241BF2010080443A /* GreetingRouter.swift */; };
		AA1B5FD2241BF20F0080443A /* PasswordRecoveryRouter.swift in Sources */ = {isa = PBXBuildFile; fileRef = AA1B5FD1241BF20F0080443A /* PasswordRecoveryRouter.swift */; };
		AA1B5FD4241BF21B0080443A /* NewPasswordRouter.swift in Sources */ = {isa = PBXBuildFile; fileRef = AA1B5FD3241BF21B0080443A /* NewPasswordRouter.swift */; };
		AA1B5FD6241BF2250080443A /* CodeConfirmationRouter.swift in Sources */ = {isa = PBXBuildFile; fileRef = AA1B5FD5241BF2250080443A /* CodeConfirmationRouter.swift */; };
		AA1B5FD8241BF2390080443A /* SettingsRouter.swift in Sources */ = {isa = PBXBuildFile; fileRef = AA1B5FD7241BF2390080443A /* SettingsRouter.swift */; };
		AA1B5FDA241BF2450080443A /* ContactsRouter.swift in Sources */ = {isa = PBXBuildFile; fileRef = AA1B5FD9241BF2450080443A /* ContactsRouter.swift */; };
		AA1B5FDC241BF24D0080443A /* ChatsRouter.swift in Sources */ = {isa = PBXBuildFile; fileRef = AA1B5FDB241BF24D0080443A /* ChatsRouter.swift */; };
		AA1B5FDE241BF26E0080443A /* GreetingViewModel.swift in Sources */ = {isa = PBXBuildFile; fileRef = AA1B5FDD241BF26E0080443A /* GreetingViewModel.swift */; };
		AA1B5FE1241BF3830080443A /* BaseRouter.swift in Sources */ = {isa = PBXBuildFile; fileRef = AA1B5FE0241BF3830080443A /* BaseRouter.swift */; };
		AA487C48241E560900337FBF /* DialogViewController.swift in Sources */ = {isa = PBXBuildFile; fileRef = AA487C47241E560900337FBF /* DialogViewController.swift */; };
		AA487C4A241E561600337FBF /* DialogViewModel.swift in Sources */ = {isa = PBXBuildFile; fileRef = AA487C49241E561600337FBF /* DialogViewModel.swift */; };
		AA487C4C241E563900337FBF /* DialogRouter.swift in Sources */ = {isa = PBXBuildFile; fileRef = AA487C4B241E563900337FBF /* DialogRouter.swift */; };
		AA64DE0F241B694400ED2C63 /* NetworkService.swift in Sources */ = {isa = PBXBuildFile; fileRef = AA64DE0E241B694400ED2C63 /* NetworkService.swift */; };
		AA64DE12241B698D00ED2C63 /* StorageService.swift in Sources */ = {isa = PBXBuildFile; fileRef = AA64DE11241B698D00ED2C63 /* StorageService.swift */; };
		AA64DE14241B72B600ED2C63 /* Reachability.swift in Sources */ = {isa = PBXBuildFile; fileRef = AA64DE13241B72B600ED2C63 /* Reachability.swift */; };
		AAB3AEF8241B7FAB00825F00 /* NewPasswordViewController.swift in Sources */ = {isa = PBXBuildFile; fileRef = AAB3AEF7241B7FAB00825F00 /* NewPasswordViewController.swift */; };
		AAB3AEFA241B7FB700825F00 /* NewPasswordViewModel.swift in Sources */ = {isa = PBXBuildFile; fileRef = AAB3AEF9241B7FB700825F00 /* NewPasswordViewModel.swift */; };
		AAB3AEFC241B7FCF00825F00 /* CodeConfirmationViewController.swift in Sources */ = {isa = PBXBuildFile; fileRef = AAB3AEFB241B7FCF00825F00 /* CodeConfirmationViewController.swift */; };
		AAB3AEFE241B7FDC00825F00 /* CodeConfirmationViewModel.swift in Sources */ = {isa = PBXBuildFile; fileRef = AAB3AEFD241B7FDC00825F00 /* CodeConfirmationViewModel.swift */; };
		AAB3AF04241B840400825F00 /* SetupProfileViewController.swift in Sources */ = {isa = PBXBuildFile; fileRef = AAB3AF03241B840400825F00 /* SetupProfileViewController.swift */; };
		AAB3AF06241B840D00825F00 /* SetupProfileViewModel.swift in Sources */ = {isa = PBXBuildFile; fileRef = AAB3AF05241B840D00825F00 /* SetupProfileViewModel.swift */; };
		AAB3AF08241B842100825F00 /* CreatePasswordViewController.swift in Sources */ = {isa = PBXBuildFile; fileRef = AAB3AF07241B842100825F00 /* CreatePasswordViewController.swift */; };
		AAB3AF0A241B842A00825F00 /* CreatePasswordViewModel.swift in Sources */ = {isa = PBXBuildFile; fileRef = AAB3AF09241B842A00825F00 /* CreatePasswordViewModel.swift */; };
		AAB3AF0C241B843900825F00 /* RegistrationCodeConfirmationViewController.swift in Sources */ = {isa = PBXBuildFile; fileRef = AAB3AF0B241B843900825F00 /* RegistrationCodeConfirmationViewController.swift */; };
		AAB3AF0E241B844000825F00 /* RegistrationCodeConfirmationViewModel.swift in Sources */ = {isa = PBXBuildFile; fileRef = AAB3AF0D241B844000825F00 /* RegistrationCodeConfirmationViewModel.swift */; };
		AAF834E1241920B200FDF9D2 /* GreetingViewController.swift in Sources */ = {isa = PBXBuildFile; fileRef = AAF834E0241920B200FDF9D2 /* GreetingViewController.swift */; };
		AAF834E62419228100FDF9D2 /* SignInViewController.swift in Sources */ = {isa = PBXBuildFile; fileRef = AAF834E52419228100FDF9D2 /* SignInViewController.swift */; };
		AAF834EA2419229D00FDF9D2 /* SignUpViewController.swift in Sources */ = {isa = PBXBuildFile; fileRef = AAF834E92419229D00FDF9D2 /* SignUpViewController.swift */; };
		AAF834F02419258100FDF9D2 /* PasswordRecoveryViewController.swift in Sources */ = {isa = PBXBuildFile; fileRef = AAF834EF2419258100FDF9D2 /* PasswordRecoveryViewController.swift */; };
		AAF834F42419295900FDF9D2 /* PasswordRecoveryViewModel.swift in Sources */ = {isa = PBXBuildFile; fileRef = AAF834F32419295900FDF9D2 /* PasswordRecoveryViewModel.swift */; };
		AAF834F62419296800FDF9D2 /* SignUpViewModel.swift in Sources */ = {isa = PBXBuildFile; fileRef = AAF834F52419296800FDF9D2 /* SignUpViewModel.swift */; };
		AAF834F82419297500FDF9D2 /* SignInViewModel.swift in Sources */ = {isa = PBXBuildFile; fileRef = AAF834F72419297500FDF9D2 /* SignInViewModel.swift */; };
		AAF835042419393700FDF9D2 /* Messenger.storyboard in Resources */ = {isa = PBXBuildFile; fileRef = AAF835032419393700FDF9D2 /* Messenger.storyboard */; };
		AAF8350E24193C3600FDF9D2 /* MessengerTabBarController.swift in Sources */ = {isa = PBXBuildFile; fileRef = AAF8350D24193C3600FDF9D2 /* MessengerTabBarController.swift */; };
		AAF8351024193F5200FDF9D2 /* SettingsViewController.swift in Sources */ = {isa = PBXBuildFile; fileRef = AAF8350F24193F5200FDF9D2 /* SettingsViewController.swift */; };
		AAF8351224193F5F00FDF9D2 /* SettingsViewModel.swift in Sources */ = {isa = PBXBuildFile; fileRef = AAF8351124193F5F00FDF9D2 /* SettingsViewModel.swift */; };
		AAF8351624193F7800FDF9D2 /* ContactsViewController.swift in Sources */ = {isa = PBXBuildFile; fileRef = AAF8351524193F7800FDF9D2 /* ContactsViewController.swift */; };
		AAF8351824193F8100FDF9D2 /* ContactsViewModel.swift in Sources */ = {isa = PBXBuildFile; fileRef = AAF8351724193F8100FDF9D2 /* ContactsViewModel.swift */; };
		AAF8351C24193F9200FDF9D2 /* ChatsViewController.swift in Sources */ = {isa = PBXBuildFile; fileRef = AAF8351B24193F9200FDF9D2 /* ChatsViewController.swift */; };
		AAF8351E24193F9E00FDF9D2 /* ChatsViewModel.swift in Sources */ = {isa = PBXBuildFile; fileRef = AAF8351D24193F9E00FDF9D2 /* ChatsViewModel.swift */; };
		E1F78ECB3C40F6A63D6948FC /* Pods_Messenger.framework in Frameworks */ = {isa = PBXBuildFile; fileRef = A0C308099DE41D9E065508EF /* Pods_Messenger.framework */; };
/* End PBXBuildFile section */

/* Begin PBXFileReference section */
		3E3185D0241C0381000FD0C2 /* GoogleService-Info.plist */ = {isa = PBXFileReference; fileEncoding = 4; lastKnownFileType = text.plist.xml; path = "GoogleService-Info.plist"; sourceTree = "<group>"; };
		3E6BD3D2241FD70800CA6780 /* FirebaseService.swift */ = {isa = PBXFileReference; lastKnownFileType = sourcecode.swift; path = FirebaseService.swift; sourceTree = "<group>"; };
		3E78E7122422218F0053DD1C /* ExtensionAuth.swift */ = {isa = PBXFileReference; lastKnownFileType = sourcecode.swift; path = ExtensionAuth.swift; sourceTree = "<group>"; };
		3E78E71424222A700053DD1C /* Utilities.swift */ = {isa = PBXFileReference; lastKnownFileType = sourcecode.swift; path = Utilities.swift; sourceTree = "<group>"; };
		8435E3AA242663390059A05C /* ChatsListTableViewCell.swift */ = {isa = PBXFileReference; lastKnownFileType = sourcecode.swift; path = ChatsListTableViewCell.swift; sourceTree = "<group>"; };
		8435E3AB242663390059A05C /* ChatsListTableViewCell.xib */ = {isa = PBXFileReference; lastKnownFileType = file.xib; path = ChatsListTableViewCell.xib; sourceTree = "<group>"; };
		8435E3AF24266E400059A05C /* ChatListUtilities.swift */ = {isa = PBXFileReference; lastKnownFileType = sourcecode.swift; path = ChatListUtilities.swift; sourceTree = "<group>"; };
		867B2F772412585C00B16B01 /* Messenger.app */ = {isa = PBXFileReference; explicitFileType = wrapper.application; includeInIndex = 0; path = Messenger.app; sourceTree = BUILT_PRODUCTS_DIR; };
		867B2F7A2412585C00B16B01 /* AppDelegate.swift */ = {isa = PBXFileReference; lastKnownFileType = sourcecode.swift; path = AppDelegate.swift; sourceTree = "<group>"; };
		867B2F812412585C00B16B01 /* Base */ = {isa = PBXFileReference; lastKnownFileType = file.storyboard; name = Base; path = Base.lproj/Main.storyboard; sourceTree = "<group>"; };
		867B2F832412586000B16B01 /* Assets.xcassets */ = {isa = PBXFileReference; lastKnownFileType = folder.assetcatalog; path = Assets.xcassets; sourceTree = "<group>"; };
		867B2F862412586000B16B01 /* Base */ = {isa = PBXFileReference; lastKnownFileType = file.storyboard; name = Base; path = Base.lproj/LaunchScreen.storyboard; sourceTree = "<group>"; };
		867B2F882412586000B16B01 /* Info.plist */ = {isa = PBXFileReference; lastKnownFileType = text.plist.xml; path = Info.plist; sourceTree = "<group>"; };
		A0C308099DE41D9E065508EF /* Pods_Messenger.framework */ = {isa = PBXFileReference; explicitFileType = wrapper.framework; includeInIndex = 0; path = Pods_Messenger.framework; sourceTree = BUILT_PRODUCTS_DIR; };
		AA1B5FC5241BF0DE0080443A /* SignInRouter.swift */ = {isa = PBXFileReference; lastKnownFileType = sourcecode.swift; path = SignInRouter.swift; sourceTree = "<group>"; };
		AA1B5FC7241BF1C30080443A /* RegistrationCodeConfirmationRouter.swift */ = {isa = PBXFileReference; lastKnownFileType = sourcecode.swift; path = RegistrationCodeConfirmationRouter.swift; sourceTree = "<group>"; };
		AA1B5FC9241BF1D00080443A /* CreatePasswordRouter.swift */ = {isa = PBXFileReference; lastKnownFileType = sourcecode.swift; path = CreatePasswordRouter.swift; sourceTree = "<group>"; };
		AA1B5FCB241BF1DE0080443A /* SetupProfileRouter.swift */ = {isa = PBXFileReference; lastKnownFileType = sourcecode.swift; path = SetupProfileRouter.swift; sourceTree = "<group>"; };
		AA1B5FCD241BF1F00080443A /* SignUpRouter.swift */ = {isa = PBXFileReference; lastKnownFileType = sourcecode.swift; path = SignUpRouter.swift; sourceTree = "<group>"; };
		AA1B5FCF241BF2010080443A /* GreetingRouter.swift */ = {isa = PBXFileReference; lastKnownFileType = sourcecode.swift; path = GreetingRouter.swift; sourceTree = "<group>"; };
		AA1B5FD1241BF20F0080443A /* PasswordRecoveryRouter.swift */ = {isa = PBXFileReference; lastKnownFileType = sourcecode.swift; path = PasswordRecoveryRouter.swift; sourceTree = "<group>"; };
		AA1B5FD3241BF21B0080443A /* NewPasswordRouter.swift */ = {isa = PBXFileReference; lastKnownFileType = sourcecode.swift; path = NewPasswordRouter.swift; sourceTree = "<group>"; };
		AA1B5FD5241BF2250080443A /* CodeConfirmationRouter.swift */ = {isa = PBXFileReference; lastKnownFileType = sourcecode.swift; path = CodeConfirmationRouter.swift; sourceTree = "<group>"; };
		AA1B5FD7241BF2390080443A /* SettingsRouter.swift */ = {isa = PBXFileReference; lastKnownFileType = sourcecode.swift; path = SettingsRouter.swift; sourceTree = "<group>"; };
		AA1B5FD9241BF2450080443A /* ContactsRouter.swift */ = {isa = PBXFileReference; lastKnownFileType = sourcecode.swift; path = ContactsRouter.swift; sourceTree = "<group>"; };
		AA1B5FDB241BF24D0080443A /* ChatsRouter.swift */ = {isa = PBXFileReference; lastKnownFileType = sourcecode.swift; path = ChatsRouter.swift; sourceTree = "<group>"; };
		AA1B5FDD241BF26E0080443A /* GreetingViewModel.swift */ = {isa = PBXFileReference; lastKnownFileType = sourcecode.swift; path = GreetingViewModel.swift; sourceTree = "<group>"; };
		AA1B5FE0241BF3830080443A /* BaseRouter.swift */ = {isa = PBXFileReference; lastKnownFileType = sourcecode.swift; path = BaseRouter.swift; sourceTree = "<group>"; };
		AA487C47241E560900337FBF /* DialogViewController.swift */ = {isa = PBXFileReference; lastKnownFileType = sourcecode.swift; path = DialogViewController.swift; sourceTree = "<group>"; };
		AA487C49241E561600337FBF /* DialogViewModel.swift */ = {isa = PBXFileReference; lastKnownFileType = sourcecode.swift; path = DialogViewModel.swift; sourceTree = "<group>"; };
		AA487C4B241E563900337FBF /* DialogRouter.swift */ = {isa = PBXFileReference; lastKnownFileType = sourcecode.swift; path = DialogRouter.swift; sourceTree = "<group>"; };
		AA64DE0E241B694400ED2C63 /* NetworkService.swift */ = {isa = PBXFileReference; lastKnownFileType = sourcecode.swift; path = NetworkService.swift; sourceTree = "<group>"; };
		AA64DE11241B698D00ED2C63 /* StorageService.swift */ = {isa = PBXFileReference; lastKnownFileType = sourcecode.swift; path = StorageService.swift; sourceTree = "<group>"; };
		AA64DE13241B72B600ED2C63 /* Reachability.swift */ = {isa = PBXFileReference; lastKnownFileType = sourcecode.swift; path = Reachability.swift; sourceTree = "<group>"; };
		AAB3AEF7241B7FAB00825F00 /* NewPasswordViewController.swift */ = {isa = PBXFileReference; lastKnownFileType = sourcecode.swift; path = NewPasswordViewController.swift; sourceTree = "<group>"; };
		AAB3AEF9241B7FB700825F00 /* NewPasswordViewModel.swift */ = {isa = PBXFileReference; lastKnownFileType = sourcecode.swift; path = NewPasswordViewModel.swift; sourceTree = "<group>"; };
		AAB3AEFB241B7FCF00825F00 /* CodeConfirmationViewController.swift */ = {isa = PBXFileReference; lastKnownFileType = sourcecode.swift; path = CodeConfirmationViewController.swift; sourceTree = "<group>"; };
		AAB3AEFD241B7FDC00825F00 /* CodeConfirmationViewModel.swift */ = {isa = PBXFileReference; lastKnownFileType = sourcecode.swift; path = CodeConfirmationViewModel.swift; sourceTree = "<group>"; };
		AAB3AF03241B840400825F00 /* SetupProfileViewController.swift */ = {isa = PBXFileReference; lastKnownFileType = sourcecode.swift; path = SetupProfileViewController.swift; sourceTree = "<group>"; };
		AAB3AF05241B840D00825F00 /* SetupProfileViewModel.swift */ = {isa = PBXFileReference; lastKnownFileType = sourcecode.swift; path = SetupProfileViewModel.swift; sourceTree = "<group>"; };
		AAB3AF07241B842100825F00 /* CreatePasswordViewController.swift */ = {isa = PBXFileReference; lastKnownFileType = sourcecode.swift; path = CreatePasswordViewController.swift; sourceTree = "<group>"; };
		AAB3AF09241B842A00825F00 /* CreatePasswordViewModel.swift */ = {isa = PBXFileReference; lastKnownFileType = sourcecode.swift; path = CreatePasswordViewModel.swift; sourceTree = "<group>"; };
		AAB3AF0B241B843900825F00 /* RegistrationCodeConfirmationViewController.swift */ = {isa = PBXFileReference; lastKnownFileType = sourcecode.swift; path = RegistrationCodeConfirmationViewController.swift; sourceTree = "<group>"; };
		AAB3AF0D241B844000825F00 /* RegistrationCodeConfirmationViewModel.swift */ = {isa = PBXFileReference; lastKnownFileType = sourcecode.swift; path = RegistrationCodeConfirmationViewModel.swift; sourceTree = "<group>"; };
		AAF834E0241920B200FDF9D2 /* GreetingViewController.swift */ = {isa = PBXFileReference; lastKnownFileType = sourcecode.swift; path = GreetingViewController.swift; sourceTree = "<group>"; };
		AAF834E52419228100FDF9D2 /* SignInViewController.swift */ = {isa = PBXFileReference; lastKnownFileType = sourcecode.swift; path = SignInViewController.swift; sourceTree = "<group>"; };
		AAF834E92419229D00FDF9D2 /* SignUpViewController.swift */ = {isa = PBXFileReference; lastKnownFileType = sourcecode.swift; path = SignUpViewController.swift; sourceTree = "<group>"; };
		AAF834EF2419258100FDF9D2 /* PasswordRecoveryViewController.swift */ = {isa = PBXFileReference; lastKnownFileType = sourcecode.swift; path = PasswordRecoveryViewController.swift; sourceTree = "<group>"; };
		AAF834F32419295900FDF9D2 /* PasswordRecoveryViewModel.swift */ = {isa = PBXFileReference; lastKnownFileType = sourcecode.swift; path = PasswordRecoveryViewModel.swift; sourceTree = "<group>"; };
		AAF834F52419296800FDF9D2 /* SignUpViewModel.swift */ = {isa = PBXFileReference; lastKnownFileType = sourcecode.swift; path = SignUpViewModel.swift; sourceTree = "<group>"; };
		AAF834F72419297500FDF9D2 /* SignInViewModel.swift */ = {isa = PBXFileReference; lastKnownFileType = sourcecode.swift; path = SignInViewModel.swift; sourceTree = "<group>"; };
		AAF835032419393700FDF9D2 /* Messenger.storyboard */ = {isa = PBXFileReference; lastKnownFileType = file.storyboard; path = Messenger.storyboard; sourceTree = "<group>"; };
		AAF8350D24193C3600FDF9D2 /* MessengerTabBarController.swift */ = {isa = PBXFileReference; lastKnownFileType = sourcecode.swift; path = MessengerTabBarController.swift; sourceTree = "<group>"; };
		AAF8350F24193F5200FDF9D2 /* SettingsViewController.swift */ = {isa = PBXFileReference; lastKnownFileType = sourcecode.swift; path = SettingsViewController.swift; sourceTree = "<group>"; };
		AAF8351124193F5F00FDF9D2 /* SettingsViewModel.swift */ = {isa = PBXFileReference; lastKnownFileType = sourcecode.swift; path = SettingsViewModel.swift; sourceTree = "<group>"; };
		AAF8351524193F7800FDF9D2 /* ContactsViewController.swift */ = {isa = PBXFileReference; lastKnownFileType = sourcecode.swift; path = ContactsViewController.swift; sourceTree = "<group>"; };
		AAF8351724193F8100FDF9D2 /* ContactsViewModel.swift */ = {isa = PBXFileReference; lastKnownFileType = sourcecode.swift; path = ContactsViewModel.swift; sourceTree = "<group>"; };
		AAF8351B24193F9200FDF9D2 /* ChatsViewController.swift */ = {isa = PBXFileReference; lastKnownFileType = sourcecode.swift; path = ChatsViewController.swift; sourceTree = "<group>"; };
		AAF8351D24193F9E00FDF9D2 /* ChatsViewModel.swift */ = {isa = PBXFileReference; lastKnownFileType = sourcecode.swift; path = ChatsViewModel.swift; sourceTree = "<group>"; };
		EA214A8D9BCA7FD50BF9F06C /* Pods-Messenger.release.xcconfig */ = {isa = PBXFileReference; includeInIndex = 1; lastKnownFileType = text.xcconfig; name = "Pods-Messenger.release.xcconfig"; path = "Target Support Files/Pods-Messenger/Pods-Messenger.release.xcconfig"; sourceTree = "<group>"; };
		EAF45A76534CA7D26C32BE2B /* Pods-Messenger.debug.xcconfig */ = {isa = PBXFileReference; includeInIndex = 1; lastKnownFileType = text.xcconfig; name = "Pods-Messenger.debug.xcconfig"; path = "Target Support Files/Pods-Messenger/Pods-Messenger.debug.xcconfig"; sourceTree = "<group>"; };
/* End PBXFileReference section */

/* Begin PBXFrameworksBuildPhase section */
		867B2F742412585C00B16B01 /* Frameworks */ = {
			isa = PBXFrameworksBuildPhase;
			buildActionMask = 2147483647;
			files = (
				E1F78ECB3C40F6A63D6948FC /* Pods_Messenger.framework in Frameworks */,
			);
			runOnlyForDeploymentPostprocessing = 0;
		};
/* End PBXFrameworksBuildPhase section */

/* Begin PBXGroup section */
		288ECCA6E69D998E5B02B7E0 /* Frameworks */ = {
			isa = PBXGroup;
			children = (
				A0C308099DE41D9E065508EF /* Pods_Messenger.framework */,
			);
			name = Frameworks;
			sourceTree = "<group>";
		};
		3E78E71624222A7E0053DD1C /* Utilities */ = {
			isa = PBXGroup;
			children = (
				3E78E71424222A700053DD1C /* Utilities.swift */,
			);
			path = Utilities;
			sourceTree = "<group>";
		};
		8435E3A9242662D70059A05C /* ChatListCell */ = {
			isa = PBXGroup;
			children = (
				8435E3AA242663390059A05C /* ChatsListTableViewCell.swift */,
				8435E3AB242663390059A05C /* ChatsListTableViewCell.xib */,
			);
			path = ChatListCell;
			sourceTree = "<group>";
		};
		8435E3AE24266E190059A05C /* Utilities */ = {
			isa = PBXGroup;
			children = (
				8435E3AF24266E400059A05C /* ChatListUtilities.swift */,
			);
			path = Utilities;
			sourceTree = "<group>";
		};
		867B2F6E2412585C00B16B01 = {
			isa = PBXGroup;
			children = (
				867B2F792412585C00B16B01 /* Messenger */,
				867B2F782412585C00B16B01 /* Products */,
				DBA31C2C1F5C448F7E2E69C5 /* Pods */,
				288ECCA6E69D998E5B02B7E0 /* Frameworks */,
			);
			sourceTree = "<group>";
		};
		867B2F782412585C00B16B01 /* Products */ = {
			isa = PBXGroup;
			children = (
				867B2F772412585C00B16B01 /* Messenger.app */,
			);
			name = Products;
			sourceTree = "<group>";
		};
		867B2F792412585C00B16B01 /* Messenger */ = {
			isa = PBXGroup;
			children = (
				AA1B5FDF241BF34C0080443A /* Base */,
				AAF834A52418FA5900FDF9D2 /* Scenes */,
				AAF834A72418FA8700FDF9D2 /* Servicies */,
				AAF834A62418FA7700FDF9D2 /* Utilities */,
				AAF834A42418FA4400FDF9D2 /* Storyboards */,
				AAF834A82418FB5000FDF9D2 /* Resources */,
				867B2F7A2412585C00B16B01 /* AppDelegate.swift */,
				3E3185D0241C0381000FD0C2 /* GoogleService-Info.plist */,
				867B2F882412586000B16B01 /* Info.plist */,
			);
			path = Messenger;
			sourceTree = "<group>";
		};
		AA1B5FDF241BF34C0080443A /* Base */ = {
			isa = PBXGroup;
			children = (
				AA1B5FE0241BF3830080443A /* BaseRouter.swift */,
			);
			path = Base;
			sourceTree = "<group>";
		};
		AA487C46241E55F500337FBF /* Dialog */ = {
			isa = PBXGroup;
			children = (
				AA487C47241E560900337FBF /* DialogViewController.swift */,
				AA487C49241E561600337FBF /* DialogViewModel.swift */,
				AA487C4B241E563900337FBF /* DialogRouter.swift */,
			);
			path = Dialog;
			sourceTree = "<group>";
		};
		AA487C4D241E56A300337FBF /* ChatsList */ = {
			isa = PBXGroup;
			children = (
				8435E3AE24266E190059A05C /* Utilities */,
				8435E3A9242662D70059A05C /* ChatListCell */,
				AAF8351B24193F9200FDF9D2 /* ChatsViewController.swift */,
				AAF8351D24193F9E00FDF9D2 /* ChatsViewModel.swift */,
				AA1B5FDB241BF24D0080443A /* ChatsRouter.swift */,
			);
			path = ChatsList;
			sourceTree = "<group>";
		};
		AAB3AEF4241B7F4B00825F00 /* CodeConfirmation */ = {
			isa = PBXGroup;
			children = (
				AAB3AEFB241B7FCF00825F00 /* CodeConfirmationViewController.swift */,
				AAB3AEFD241B7FDC00825F00 /* CodeConfirmationViewModel.swift */,
				AA1B5FD5241BF2250080443A /* CodeConfirmationRouter.swift */,
			);
			path = CodeConfirmation;
			sourceTree = "<group>";
		};
		AAB3AEF5241B7F7100825F00 /* NewPassword */ = {
			isa = PBXGroup;
			children = (
				AAB3AEF7241B7FAB00825F00 /* NewPasswordViewController.swift */,
				AAB3AEF9241B7FB700825F00 /* NewPasswordViewModel.swift */,
				AA1B5FD3241BF21B0080443A /* NewPasswordRouter.swift */,
			);
			path = NewPassword;
			sourceTree = "<group>";
		};
		AAB3AEF6241B7F7D00825F00 /* PasswordRecovery */ = {
			isa = PBXGroup;
			children = (
				AAF834EF2419258100FDF9D2 /* PasswordRecoveryViewController.swift */,
				AAF834F32419295900FDF9D2 /* PasswordRecoveryViewModel.swift */,
				AA1B5FD1241BF20F0080443A /* PasswordRecoveryRouter.swift */,
			);
			path = PasswordRecovery;
			sourceTree = "<group>";
		};
		AAB3AEFF241B837900825F00 /* RegistrationCodeConfirmation */ = {
			isa = PBXGroup;
			children = (
				AAB3AF0B241B843900825F00 /* RegistrationCodeConfirmationViewController.swift */,
				AAB3AF0D241B844000825F00 /* RegistrationCodeConfirmationViewModel.swift */,
				AA1B5FC7241BF1C30080443A /* RegistrationCodeConfirmationRouter.swift */,
			);
			path = RegistrationCodeConfirmation;
			sourceTree = "<group>";
		};
		AAB3AF00241B839600825F00 /* CreatePassword */ = {
			isa = PBXGroup;
			children = (
				AAB3AF07241B842100825F00 /* CreatePasswordViewController.swift */,
				AAB3AF09241B842A00825F00 /* CreatePasswordViewModel.swift */,
				AA1B5FC9241BF1D00080443A /* CreatePasswordRouter.swift */,
			);
			path = CreatePassword;
			sourceTree = "<group>";
		};
		AAB3AF01241B83AA00825F00 /* SetupProfile */ = {
			isa = PBXGroup;
			children = (
				AAB3AF03241B840400825F00 /* SetupProfileViewController.swift */,
				AAB3AF05241B840D00825F00 /* SetupProfileViewModel.swift */,
				AA1B5FCB241BF1DE0080443A /* SetupProfileRouter.swift */,
			);
			path = SetupProfile;
			sourceTree = "<group>";
		};
		AAB3AF02241B83B400825F00 /* SignUp */ = {
			isa = PBXGroup;
			children = (
				AAF834E92419229D00FDF9D2 /* SignUpViewController.swift */,
				AAF834F52419296800FDF9D2 /* SignUpViewModel.swift */,
				AA1B5FCD241BF1F00080443A /* SignUpRouter.swift */,
			);
			path = SignUp;
			sourceTree = "<group>";
		};
		AAF834A42418FA4400FDF9D2 /* Storyboards */ = {
			isa = PBXGroup;
			children = (
				867B2F802412585C00B16B01 /* Main.storyboard */,
				AAF835032419393700FDF9D2 /* Messenger.storyboard */,
				867B2F852412586000B16B01 /* LaunchScreen.storyboard */,
			);
			path = Storyboards;
			sourceTree = "<group>";
		};
		AAF834A52418FA5900FDF9D2 /* Scenes */ = {
			isa = PBXGroup;
			children = (
				AAF834FE241938A700FDF9D2 /* Messenger */,
				AAF834A92418FC7700FDF9D2 /* Login */,
			);
			path = Scenes;
			sourceTree = "<group>";
		};
		AAF834A62418FA7700FDF9D2 /* Utilities */ = {
			isa = PBXGroup;
			children = (
				AA64DE13241B72B600ED2C63 /* Reachability.swift */,
			);
			path = Utilities;
			sourceTree = "<group>";
		};
		AAF834A72418FA8700FDF9D2 /* Servicies */ = {
			isa = PBXGroup;
			children = (
				AA64DE0E241B694400ED2C63 /* NetworkService.swift */,
				AA64DE11241B698D00ED2C63 /* StorageService.swift */,
				3E6BD3D2241FD70800CA6780 /* FirebaseService.swift */,
			);
			path = Servicies;
			sourceTree = "<group>";
		};
		AAF834A82418FB5000FDF9D2 /* Resources */ = {
			isa = PBXGroup;
			children = (
				867B2F832412586000B16B01 /* Assets.xcassets */,
			);
			path = Resources;
			sourceTree = "<group>";
		};
		AAF834A92418FC7700FDF9D2 /* Login */ = {
			isa = PBXGroup;
			children = (
				3E78E7122422218F0053DD1C /* ExtensionAuth.swift */,
				3E78E71624222A7E0053DD1C /* Utilities */,
				AAF834AC2418FCC100FDF9D2 /* PasswordRecovery */,
				AAF834AB2418FCA700FDF9D2 /* SignUp */,
				AAF834AA2418FC9E00FDF9D2 /* SignIn */,
			);
			path = Login;
			sourceTree = "<group>";
		};
		AAF834AA2418FC9E00FDF9D2 /* SignIn */ = {
			isa = PBXGroup;
			children = (
				AAF834DF2419207600FDF9D2 /* Greeting */,
				AAF834E52419228100FDF9D2 /* SignInViewController.swift */,
				AAF834F72419297500FDF9D2 /* SignInViewModel.swift */,
				AA1B5FC5241BF0DE0080443A /* SignInRouter.swift */,
			);
			path = SignIn;
			sourceTree = "<group>";
		};
		AAF834AB2418FCA700FDF9D2 /* SignUp */ = {
			isa = PBXGroup;
			children = (
				AAB3AF02241B83B400825F00 /* SignUp */,
				AAB3AF01241B83AA00825F00 /* SetupProfile */,
				AAB3AF00241B839600825F00 /* CreatePassword */,
				AAB3AEFF241B837900825F00 /* RegistrationCodeConfirmation */,
			);
			path = SignUp;
			sourceTree = "<group>";
		};
		AAF834AC2418FCC100FDF9D2 /* PasswordRecovery */ = {
			isa = PBXGroup;
			children = (
				AAB3AEF6241B7F7D00825F00 /* PasswordRecovery */,
				AAB3AEF5241B7F7100825F00 /* NewPassword */,
				AAB3AEF4241B7F4B00825F00 /* CodeConfirmation */,
			);
			path = PasswordRecovery;
			sourceTree = "<group>";
		};
		AAF834DF2419207600FDF9D2 /* Greeting */ = {
			isa = PBXGroup;
			children = (
				AAF834E0241920B200FDF9D2 /* GreetingViewController.swift */,
				AA1B5FDD241BF26E0080443A /* GreetingViewModel.swift */,
				AA1B5FCF241BF2010080443A /* GreetingRouter.swift */,
			);
			path = Greeting;
			sourceTree = "<group>";
		};
		AAF834FE241938A700FDF9D2 /* Messenger */ = {
			isa = PBXGroup;
			children = (
				AAF8350C24193C1800FDF9D2 /* MessengerTabBar */,
				AAF83501241938D900FDF9D2 /* Settings */,
				AAF83500241938CF00FDF9D2 /* Contacts */,
				AAF834FF241938BD00FDF9D2 /* Chats */,
			);
			path = Messenger;
			sourceTree = "<group>";
		};
		AAF834FF241938BD00FDF9D2 /* Chats */ = {
			isa = PBXGroup;
			children = (
				AA487C46241E55F500337FBF /* Dialog */,
				AA487C4D241E56A300337FBF /* ChatsList */,
			);
			path = Chats;
			sourceTree = "<group>";
		};
		AAF83500241938CF00FDF9D2 /* Contacts */ = {
			isa = PBXGroup;
			children = (
				AAF8351524193F7800FDF9D2 /* ContactsViewController.swift */,
				AAF8351724193F8100FDF9D2 /* ContactsViewModel.swift */,
				AA1B5FD9241BF2450080443A /* ContactsRouter.swift */,
			);
			path = Contacts;
			sourceTree = "<group>";
		};
		AAF83501241938D900FDF9D2 /* Settings */ = {
			isa = PBXGroup;
			children = (
				AAF8350F24193F5200FDF9D2 /* SettingsViewController.swift */,
				AAF8351124193F5F00FDF9D2 /* SettingsViewModel.swift */,
				AA1B5FD7241BF2390080443A /* SettingsRouter.swift */,
			);
			path = Settings;
			sourceTree = "<group>";
		};
		AAF8350C24193C1800FDF9D2 /* MessengerTabBar */ = {
			isa = PBXGroup;
			children = (
				AAF8350D24193C3600FDF9D2 /* MessengerTabBarController.swift */,
			);
			path = MessengerTabBar;
			sourceTree = "<group>";
		};
		DBA31C2C1F5C448F7E2E69C5 /* Pods */ = {
			isa = PBXGroup;
			children = (
				EAF45A76534CA7D26C32BE2B /* Pods-Messenger.debug.xcconfig */,
				EA214A8D9BCA7FD50BF9F06C /* Pods-Messenger.release.xcconfig */,
			);
			path = Pods;
			sourceTree = "<group>";
		};
/* End PBXGroup section */

/* Begin PBXNativeTarget section */
		867B2F762412585C00B16B01 /* Messenger */ = {
			isa = PBXNativeTarget;
			buildConfigurationList = 867B2F8B2412586000B16B01 /* Build configuration list for PBXNativeTarget "Messenger" */;
			buildPhases = (
				CBA8DD624EA2486A2E863AA1 /* [CP] Check Pods Manifest.lock */,
				867B2F732412585C00B16B01 /* Sources */,
				867B2F742412585C00B16B01 /* Frameworks */,
				867B2F752412585C00B16B01 /* Resources */,
				31D5F95C39213D475393F4A4 /* [CP] Embed Pods Frameworks */,
				36F4D6674087AC831D9F4EC3 /* [CP] Copy Pods Resources */,
			);
			buildRules = (
			);
			dependencies = (
			);
			name = Messenger;
			productName = Messenger;
			productReference = 867B2F772412585C00B16B01 /* Messenger.app */;
			productType = "com.apple.product-type.application";
		};
/* End PBXNativeTarget section */

/* Begin PBXProject section */
		867B2F6F2412585C00B16B01 /* Project object */ = {
			isa = PBXProject;
			attributes = {
				LastSwiftUpdateCheck = 1130;
				LastUpgradeCheck = 1130;
				ORGANIZATIONNAME = "Anastasia Demidova";
				TargetAttributes = {
					867B2F762412585C00B16B01 = {
						CreatedOnToolsVersion = 11.3.1;
					};
				};
			};
			buildConfigurationList = 867B2F722412585C00B16B01 /* Build configuration list for PBXProject "Messenger" */;
			compatibilityVersion = "Xcode 9.3";
			developmentRegion = en;
			hasScannedForEncodings = 0;
			knownRegions = (
				en,
				Base,
			);
			mainGroup = 867B2F6E2412585C00B16B01;
			productRefGroup = 867B2F782412585C00B16B01 /* Products */;
			projectDirPath = "";
			projectRoot = "";
			targets = (
				867B2F762412585C00B16B01 /* Messenger */,
			);
		};
/* End PBXProject section */

/* Begin PBXResourcesBuildPhase section */
		867B2F752412585C00B16B01 /* Resources */ = {
			isa = PBXResourcesBuildPhase;
			buildActionMask = 2147483647;
			files = (
				AAF835042419393700FDF9D2 /* Messenger.storyboard in Resources */,
				867B2F872412586000B16B01 /* LaunchScreen.storyboard in Resources */,
				3E3185D1241C0381000FD0C2 /* GoogleService-Info.plist in Resources */,
				867B2F842412586000B16B01 /* Assets.xcassets in Resources */,
				867B2F822412585C00B16B01 /* Main.storyboard in Resources */,
				8435E3AD242663390059A05C /* ChatsListTableViewCell.xib in Resources */,
			);
			runOnlyForDeploymentPostprocessing = 0;
		};
/* End PBXResourcesBuildPhase section */

/* Begin PBXShellScriptBuildPhase section */
		31D5F95C39213D475393F4A4 /* [CP] Embed Pods Frameworks */ = {
			isa = PBXShellScriptBuildPhase;
			buildActionMask = 2147483647;
			files = (
			);
			inputFileListPaths = (
				"${PODS_ROOT}/Target Support Files/Pods-Messenger/Pods-Messenger-frameworks-${CONFIGURATION}-input-files.xcfilelist",
			);
			name = "[CP] Embed Pods Frameworks";
			outputFileListPaths = (
				"${PODS_ROOT}/Target Support Files/Pods-Messenger/Pods-Messenger-frameworks-${CONFIGURATION}-output-files.xcfilelist",
			);
			runOnlyForDeploymentPostprocessing = 0;
			shellPath = /bin/sh;
			shellScript = "\"${PODS_ROOT}/Target Support Files/Pods-Messenger/Pods-Messenger-frameworks.sh\"\n";
			showEnvVarsInLog = 0;
		};
		36F4D6674087AC831D9F4EC3 /* [CP] Copy Pods Resources */ = {
			isa = PBXShellScriptBuildPhase;
			buildActionMask = 2147483647;
			files = (
			);
			inputFileListPaths = (
				"${PODS_ROOT}/Target Support Files/Pods-Messenger/Pods-Messenger-resources-${CONFIGURATION}-input-files.xcfilelist",
			);
			name = "[CP] Copy Pods Resources";
			outputFileListPaths = (
				"${PODS_ROOT}/Target Support Files/Pods-Messenger/Pods-Messenger-resources-${CONFIGURATION}-output-files.xcfilelist",
			);
			runOnlyForDeploymentPostprocessing = 0;
			shellPath = /bin/sh;
			shellScript = "\"${PODS_ROOT}/Target Support Files/Pods-Messenger/Pods-Messenger-resources.sh\"\n";
			showEnvVarsInLog = 0;
		};
		CBA8DD624EA2486A2E863AA1 /* [CP] Check Pods Manifest.lock */ = {
			isa = PBXShellScriptBuildPhase;
			buildActionMask = 2147483647;
			files = (
			);
			inputFileListPaths = (
			);
			inputPaths = (
				"${PODS_PODFILE_DIR_PATH}/Podfile.lock",
				"${PODS_ROOT}/Manifest.lock",
			);
			name = "[CP] Check Pods Manifest.lock";
			outputFileListPaths = (
			);
			outputPaths = (
				"$(DERIVED_FILE_DIR)/Pods-Messenger-checkManifestLockResult.txt",
			);
			runOnlyForDeploymentPostprocessing = 0;
			shellPath = /bin/sh;
			shellScript = "diff \"${PODS_PODFILE_DIR_PATH}/Podfile.lock\" \"${PODS_ROOT}/Manifest.lock\" > /dev/null\nif [ $? != 0 ] ; then\n    # print error to STDERR\n    echo \"error: The sandbox is not in sync with the Podfile.lock. Run 'pod install' or update your CocoaPods installation.\" >&2\n    exit 1\nfi\n# This output is used by Xcode 'outputs' to avoid re-running this script phase.\necho \"SUCCESS\" > \"${SCRIPT_OUTPUT_FILE_0}\"\n";
			showEnvVarsInLog = 0;
		};
/* End PBXShellScriptBuildPhase section */

/* Begin PBXSourcesBuildPhase section */
		867B2F732412585C00B16B01 /* Sources */ = {
			isa = PBXSourcesBuildPhase;
			buildActionMask = 2147483647;
			files = (
				AA1B5FDC241BF24D0080443A /* ChatsRouter.swift in Sources */,
				AAF834F42419295900FDF9D2 /* PasswordRecoveryViewModel.swift in Sources */,
				AAB3AEFC241B7FCF00825F00 /* CodeConfirmationViewController.swift in Sources */,
				AAF834EA2419229D00FDF9D2 /* SignUpViewController.swift in Sources */,
				AAB3AEF8241B7FAB00825F00 /* NewPasswordViewController.swift in Sources */,
				AAF8350E24193C3600FDF9D2 /* MessengerTabBarController.swift in Sources */,
				3E78E71524222A700053DD1C /* Utilities.swift in Sources */,
				AAF8351C24193F9200FDF9D2 /* ChatsViewController.swift in Sources */,
				8435E3B024266E400059A05C /* ChatListUtilities.swift in Sources */,
				AA1B5FCA241BF1D00080443A /* CreatePasswordRouter.swift in Sources */,
				AA64DE0F241B694400ED2C63 /* NetworkService.swift in Sources */,
				AA1B5FD6241BF2250080443A /* CodeConfirmationRouter.swift in Sources */,
				3E6BD3D3241FD70800CA6780 /* FirebaseService.swift in Sources */,
				AA487C4A241E561600337FBF /* DialogViewModel.swift in Sources */,
				AA487C48241E560900337FBF /* DialogViewController.swift in Sources */,
				3E78E7132422218F0053DD1C /* ExtensionAuth.swift in Sources */,
				AA1B5FC6241BF0DE0080443A /* SignInRouter.swift in Sources */,
				AA64DE12241B698D00ED2C63 /* StorageService.swift in Sources */,
				8435E3AC242663390059A05C /* ChatsListTableViewCell.swift in Sources */,
				AAF8351824193F8100FDF9D2 /* ContactsViewModel.swift in Sources */,
				AAB3AF0C241B843900825F00 /* RegistrationCodeConfirmationViewController.swift in Sources */,
				AA1B5FD2241BF20F0080443A /* PasswordRecoveryRouter.swift in Sources */,
				AAF8351624193F7800FDF9D2 /* ContactsViewController.swift in Sources */,
				AAB3AEFE241B7FDC00825F00 /* CodeConfirmationViewModel.swift in Sources */,
				AAB3AF0A241B842A00825F00 /* CreatePasswordViewModel.swift in Sources */,
				AAB3AF06241B840D00825F00 /* SetupProfileViewModel.swift in Sources */,
				AA1B5FC8241BF1C30080443A /* RegistrationCodeConfirmationRouter.swift in Sources */,
				AA1B5FD0241BF2010080443A /* GreetingRouter.swift in Sources */,
				AA1B5FDA241BF2450080443A /* ContactsRouter.swift in Sources */,
				AAF8351E24193F9E00FDF9D2 /* ChatsViewModel.swift in Sources */,
				AA1B5FD8241BF2390080443A /* SettingsRouter.swift in Sources */,
				AA1B5FDE241BF26E0080443A /* GreetingViewModel.swift in Sources */,
				AAB3AF04241B840400825F00 /* SetupProfileViewController.swift in Sources */,
				AAF834F82419297500FDF9D2 /* SignInViewModel.swift in Sources */,
				AA487C4C241E563900337FBF /* DialogRouter.swift in Sources */,
				AAF834F02419258100FDF9D2 /* PasswordRecoveryViewController.swift in Sources */,
				AAF8351024193F5200FDF9D2 /* SettingsViewController.swift in Sources */,
				AA1B5FD4241BF21B0080443A /* NewPasswordRouter.swift in Sources */,
				AA1B5FCC241BF1DE0080443A /* SetupProfileRouter.swift in Sources */,
				867B2F7B2412585C00B16B01 /* AppDelegate.swift in Sources */,
				AAB3AEFA241B7FB700825F00 /* NewPasswordViewModel.swift in Sources */,
				AAF834E1241920B200FDF9D2 /* GreetingViewController.swift in Sources */,
				AAB3AF08241B842100825F00 /* CreatePasswordViewController.swift in Sources */,
				AA1B5FCE241BF1F00080443A /* SignUpRouter.swift in Sources */,
				AAF834E62419228100FDF9D2 /* SignInViewController.swift in Sources */,
				AA1B5FE1241BF3830080443A /* BaseRouter.swift in Sources */,
				AAF834F62419296800FDF9D2 /* SignUpViewModel.swift in Sources */,
				AAB3AF0E241B844000825F00 /* RegistrationCodeConfirmationViewModel.swift in Sources */,
				AA64DE14241B72B600ED2C63 /* Reachability.swift in Sources */,
				AAF8351224193F5F00FDF9D2 /* SettingsViewModel.swift in Sources */,
			);
			runOnlyForDeploymentPostprocessing = 0;
		};
/* End PBXSourcesBuildPhase section */

/* Begin PBXVariantGroup section */
		867B2F802412585C00B16B01 /* Main.storyboard */ = {
			isa = PBXVariantGroup;
			children = (
				867B2F812412585C00B16B01 /* Base */,
			);
			name = Main.storyboard;
			sourceTree = "<group>";
		};
		867B2F852412586000B16B01 /* LaunchScreen.storyboard */ = {
			isa = PBXVariantGroup;
			children = (
				867B2F862412586000B16B01 /* Base */,
			);
			name = LaunchScreen.storyboard;
			sourceTree = "<group>";
		};
/* End PBXVariantGroup section */

/* Begin XCBuildConfiguration section */
		867B2F892412586000B16B01 /* Debug */ = {
			isa = XCBuildConfiguration;
			buildSettings = {
				ALWAYS_SEARCH_USER_PATHS = NO;
				CLANG_ANALYZER_NONNULL = YES;
				CLANG_ANALYZER_NUMBER_OBJECT_CONVERSION = YES_AGGRESSIVE;
				CLANG_CXX_LANGUAGE_STANDARD = "gnu++14";
				CLANG_CXX_LIBRARY = "libc++";
				CLANG_ENABLE_MODULES = YES;
				CLANG_ENABLE_OBJC_ARC = YES;
				CLANG_ENABLE_OBJC_WEAK = YES;
				CLANG_WARN_BLOCK_CAPTURE_AUTORELEASING = YES;
				CLANG_WARN_BOOL_CONVERSION = YES;
				CLANG_WARN_COMMA = YES;
				CLANG_WARN_CONSTANT_CONVERSION = YES;
				CLANG_WARN_DEPRECATED_OBJC_IMPLEMENTATIONS = YES;
				CLANG_WARN_DIRECT_OBJC_ISA_USAGE = YES_ERROR;
				CLANG_WARN_DOCUMENTATION_COMMENTS = YES;
				CLANG_WARN_EMPTY_BODY = YES;
				CLANG_WARN_ENUM_CONVERSION = YES;
				CLANG_WARN_INFINITE_RECURSION = YES;
				CLANG_WARN_INT_CONVERSION = YES;
				CLANG_WARN_NON_LITERAL_NULL_CONVERSION = YES;
				CLANG_WARN_OBJC_IMPLICIT_RETAIN_SELF = YES;
				CLANG_WARN_OBJC_LITERAL_CONVERSION = YES;
				CLANG_WARN_OBJC_ROOT_CLASS = YES_ERROR;
				CLANG_WARN_RANGE_LOOP_ANALYSIS = YES;
				CLANG_WARN_STRICT_PROTOTYPES = YES;
				CLANG_WARN_SUSPICIOUS_MOVE = YES;
				CLANG_WARN_UNGUARDED_AVAILABILITY = YES_AGGRESSIVE;
				CLANG_WARN_UNREACHABLE_CODE = YES;
				CLANG_WARN__DUPLICATE_METHOD_MATCH = YES;
				COPY_PHASE_STRIP = NO;
				DEBUG_INFORMATION_FORMAT = dwarf;
				ENABLE_STRICT_OBJC_MSGSEND = YES;
				ENABLE_TESTABILITY = YES;
				GCC_C_LANGUAGE_STANDARD = gnu11;
				GCC_DYNAMIC_NO_PIC = NO;
				GCC_NO_COMMON_BLOCKS = YES;
				GCC_OPTIMIZATION_LEVEL = 0;
				GCC_PREPROCESSOR_DEFINITIONS = (
					"DEBUG=1",
					"$(inherited)",
				);
				GCC_WARN_64_TO_32_BIT_CONVERSION = YES;
				GCC_WARN_ABOUT_RETURN_TYPE = YES_ERROR;
				GCC_WARN_UNDECLARED_SELECTOR = YES;
				GCC_WARN_UNINITIALIZED_AUTOS = YES_AGGRESSIVE;
				GCC_WARN_UNUSED_FUNCTION = YES;
				GCC_WARN_UNUSED_VARIABLE = YES;
				IPHONEOS_DEPLOYMENT_TARGET = 13.2;
				MTL_ENABLE_DEBUG_INFO = INCLUDE_SOURCE;
				MTL_FAST_MATH = YES;
				ONLY_ACTIVE_ARCH = YES;
				SDKROOT = iphoneos;
				SWIFT_ACTIVE_COMPILATION_CONDITIONS = DEBUG;
				SWIFT_OPTIMIZATION_LEVEL = "-Onone";
			};
			name = Debug;
		};
		867B2F8A2412586000B16B01 /* Release */ = {
			isa = XCBuildConfiguration;
			buildSettings = {
				ALWAYS_SEARCH_USER_PATHS = NO;
				CLANG_ANALYZER_NONNULL = YES;
				CLANG_ANALYZER_NUMBER_OBJECT_CONVERSION = YES_AGGRESSIVE;
				CLANG_CXX_LANGUAGE_STANDARD = "gnu++14";
				CLANG_CXX_LIBRARY = "libc++";
				CLANG_ENABLE_MODULES = YES;
				CLANG_ENABLE_OBJC_ARC = YES;
				CLANG_ENABLE_OBJC_WEAK = YES;
				CLANG_WARN_BLOCK_CAPTURE_AUTORELEASING = YES;
				CLANG_WARN_BOOL_CONVERSION = YES;
				CLANG_WARN_COMMA = YES;
				CLANG_WARN_CONSTANT_CONVERSION = YES;
				CLANG_WARN_DEPRECATED_OBJC_IMPLEMENTATIONS = YES;
				CLANG_WARN_DIRECT_OBJC_ISA_USAGE = YES_ERROR;
				CLANG_WARN_DOCUMENTATION_COMMENTS = YES;
				CLANG_WARN_EMPTY_BODY = YES;
				CLANG_WARN_ENUM_CONVERSION = YES;
				CLANG_WARN_INFINITE_RECURSION = YES;
				CLANG_WARN_INT_CONVERSION = YES;
				CLANG_WARN_NON_LITERAL_NULL_CONVERSION = YES;
				CLANG_WARN_OBJC_IMPLICIT_RETAIN_SELF = YES;
				CLANG_WARN_OBJC_LITERAL_CONVERSION = YES;
				CLANG_WARN_OBJC_ROOT_CLASS = YES_ERROR;
				CLANG_WARN_RANGE_LOOP_ANALYSIS = YES;
				CLANG_WARN_STRICT_PROTOTYPES = YES;
				CLANG_WARN_SUSPICIOUS_MOVE = YES;
				CLANG_WARN_UNGUARDED_AVAILABILITY = YES_AGGRESSIVE;
				CLANG_WARN_UNREACHABLE_CODE = YES;
				CLANG_WARN__DUPLICATE_METHOD_MATCH = YES;
				COPY_PHASE_STRIP = NO;
				DEBUG_INFORMATION_FORMAT = "dwarf-with-dsym";
				ENABLE_NS_ASSERTIONS = NO;
				ENABLE_STRICT_OBJC_MSGSEND = YES;
				GCC_C_LANGUAGE_STANDARD = gnu11;
				GCC_NO_COMMON_BLOCKS = YES;
				GCC_WARN_64_TO_32_BIT_CONVERSION = YES;
				GCC_WARN_ABOUT_RETURN_TYPE = YES_ERROR;
				GCC_WARN_UNDECLARED_SELECTOR = YES;
				GCC_WARN_UNINITIALIZED_AUTOS = YES_AGGRESSIVE;
				GCC_WARN_UNUSED_FUNCTION = YES;
				GCC_WARN_UNUSED_VARIABLE = YES;
				IPHONEOS_DEPLOYMENT_TARGET = 13.2;
				MTL_ENABLE_DEBUG_INFO = NO;
				MTL_FAST_MATH = YES;
				SDKROOT = iphoneos;
				SWIFT_COMPILATION_MODE = wholemodule;
				SWIFT_OPTIMIZATION_LEVEL = "-O";
				VALIDATE_PRODUCT = YES;
			};
			name = Release;
		};
		867B2F8C2412586000B16B01 /* Debug */ = {
			isa = XCBuildConfiguration;
			baseConfigurationReference = EAF45A76534CA7D26C32BE2B /* Pods-Messenger.debug.xcconfig */;
			buildSettings = {
				ASSETCATALOG_COMPILER_APPICON_NAME = AppIcon;
				CODE_SIGN_STYLE = Automatic;
				DEVELOPMENT_TEAM = H5C9369377;
				INFOPLIST_FILE = Messenger/Info.plist;
				IPHONEOS_DEPLOYMENT_TARGET = 13.2;
				LD_RUNPATH_SEARCH_PATHS = (
					"$(inherited)",
					"@executable_path/Frameworks",
				);
				PRODUCT_BUNDLE_IDENTIFIER = "Anastasia-Demidova.Messenger";
				PRODUCT_NAME = "$(TARGET_NAME)";
				SWIFT_VERSION = 5.0;
				TARGETED_DEVICE_FAMILY = 1;
			};
			name = Debug;
		};
		867B2F8D2412586000B16B01 /* Release */ = {
			isa = XCBuildConfiguration;
			baseConfigurationReference = EA214A8D9BCA7FD50BF9F06C /* Pods-Messenger.release.xcconfig */;
			buildSettings = {
				ASSETCATALOG_COMPILER_APPICON_NAME = AppIcon;
				CODE_SIGN_STYLE = Manual;
				DEVELOPMENT_TEAM = "";
				INFOPLIST_FILE = Messenger/Info.plist;
				IPHONEOS_DEPLOYMENT_TARGET = 13.2;
				LD_RUNPATH_SEARCH_PATHS = (
					"$(inherited)",
					"@executable_path/Frameworks",
				);
				PRODUCT_BUNDLE_IDENTIFIER = "Anastasia-Demidova.Messenger";
				PRODUCT_NAME = "$(TARGET_NAME)";
				PROVISIONING_PROFILE_SPECIFIER = "";
				SWIFT_VERSION = 5.0;
				TARGETED_DEVICE_FAMILY = 1;
			};
			name = Release;
		};
/* End XCBuildConfiguration section */

/* Begin XCConfigurationList section */
		867B2F722412585C00B16B01 /* Build configuration list for PBXProject "Messenger" */ = {
			isa = XCConfigurationList;
			buildConfigurations = (
				867B2F892412586000B16B01 /* Debug */,
				867B2F8A2412586000B16B01 /* Release */,
			);
			defaultConfigurationIsVisible = 0;
			defaultConfigurationName = Release;
		};
		867B2F8B2412586000B16B01 /* Build configuration list for PBXNativeTarget "Messenger" */ = {
			isa = XCConfigurationList;
			buildConfigurations = (
				867B2F8C2412586000B16B01 /* Debug */,
				867B2F8D2412586000B16B01 /* Release */,
			);
			defaultConfigurationIsVisible = 0;
			defaultConfigurationName = Release;
		};
/* End XCConfigurationList section */
	};
	rootObject = 867B2F6F2412585C00B16B01 /* Project object */;
}
