// !$*UTF8*$!
{
	archiveVersion = 1;
	classes = {
	};
	objectVersion = 51;
	objects = {

/* Begin PBXBuildFile section */
		3E1B54BE244F549A00804E4E /* StatusUsersFirebaseExtensions.swift in Sources */ = {isa = PBXBuildFile; fileRef = 3E1B54BD244F549A00804E4E /* StatusUsersFirebaseExtensions.swift */; };
		3E1B54C02450575400804E4E /* TimerManager.swift in Sources */ = {isa = PBXBuildFile; fileRef = 3E1B54BF2450575400804E4E /* TimerManager.swift */; };
		3E3185D1241C0381000FD0C2 /* GoogleService-Info.plist in Resources */ = {isa = PBXBuildFile; fileRef = 3E3185D0241C0381000FD0C2 /* GoogleService-Info.plist */; };
		3E50F191244634F900B34F8F /* ManagerActivityIndicator.swift in Sources */ = {isa = PBXBuildFile; fileRef = 3E50F190244634F900B34F8F /* ManagerActivityIndicator.swift */; };
		3E6BD3D3241FD70800CA6780 /* FirebaseService.swift in Sources */ = {isa = PBXBuildFile; fileRef = 3E6BD3D2241FD70800CA6780 /* FirebaseService.swift */; };
		3E78E7132422218F0053DD1C /* ExtensionAuth.swift in Sources */ = {isa = PBXBuildFile; fileRef = 3E78E7122422218F0053DD1C /* ExtensionAuth.swift */; };
		3E78E71524222A700053DD1C /* Utilities.swift in Sources */ = {isa = PBXBuildFile; fileRef = 3E78E71424222A700053DD1C /* Utilities.swift */; };
		3E7CBF44242A83E6002DAD3F /* Media.xcassets in Resources */ = {isa = PBXBuildFile; fileRef = 3E7CBF43242A83E6002DAD3F /* Media.xcassets */; };
		3E871EEB2444B06400B00A7C /* ChatCell.swift in Sources */ = {isa = PBXBuildFile; fileRef = 3E871EE92444B06400B00A7C /* ChatCell.swift */; };
		3E871EEC2444B06400B00A7C /* ChatCell.xib in Resources */ = {isa = PBXBuildFile; fileRef = 3E871EEA2444B06400B00A7C /* ChatCell.xib */; };
		3EA8B18E2434AA48001B4207 /* ExtensionsStoryboard.swift in Sources */ = {isa = PBXBuildFile; fileRef = 3EA8B18D2434AA48001B4207 /* ExtensionsStoryboard.swift */; };
		3EB574FD2455802000E44603 /* ExtensionSizeScreen.swift in Sources */ = {isa = PBXBuildFile; fileRef = 3EB574FC2455802000E44603 /* ExtensionSizeScreen.swift */; };
		3EBEC40F242A2A5600AF858C /* AuthFirebaseService.swift in Sources */ = {isa = PBXBuildFile; fileRef = 3EBEC40E242A2A5600AF858C /* AuthFirebaseService.swift */; };
		3ECF658E243CA0530095A53C /* ChatTableViewCell.swift in Sources */ = {isa = PBXBuildFile; fileRef = 3ECF658C243CA0530095A53C /* ChatTableViewCell.swift */; };
		3ECF658F243CA0530095A53C /* ChatTableViewCell.xib in Resources */ = {isa = PBXBuildFile; fileRef = 3ECF658D243CA0530095A53C /* ChatTableViewCell.xib */; };
		3EE90AC3243DDCEA009E0759 /* TableViewRegister.swift in Sources */ = {isa = PBXBuildFile; fileRef = 3EE90AC2243DDCEA009E0759 /* TableViewRegister.swift */; };
		3EE90AC5243DDF2F009E0759 /* ClassNameExtension.swift in Sources */ = {isa = PBXBuildFile; fileRef = 3EE90AC4243DDF2F009E0759 /* ClassNameExtension.swift */; };
		3EE90AC7243DE219009E0759 /* ImagePicker.swift in Sources */ = {isa = PBXBuildFile; fileRef = 3EE90AC6243DE219009E0759 /* ImagePicker.swift */; };
		860A8FCB244281600070D8D5 /* UserSettings.swift in Sources */ = {isa = PBXBuildFile; fileRef = 860A8FCA244281600070D8D5 /* UserSettings.swift */; };
		8625597424527350009B849C /* UIButton+Extension.swift in Sources */ = {isa = PBXBuildFile; fileRef = 8625597324527350009B849C /* UIButton+Extension.swift */; };
		863D4C2C245497AD00B3FD89 /* UISearchBar+Extension.swift in Sources */ = {isa = PBXBuildFile; fileRef = 863D4C2B245497AD00B3FD89 /* UISearchBar+Extension.swift */; };
		8648547F2455EE78007EE9E3 /* LanguageViewController.swift in Sources */ = {isa = PBXBuildFile; fileRef = 8648547E2455EE78007EE9E3 /* LanguageViewController.swift */; };
		864854812455EEC7007EE9E3 /* LanguageViewModel.swift in Sources */ = {isa = PBXBuildFile; fileRef = 864854802455EEC7007EE9E3 /* LanguageViewModel.swift */; };
		864854832455EEEE007EE9E3 /* LanguageRouter.swift in Sources */ = {isa = PBXBuildFile; fileRef = 864854822455EEEE007EE9E3 /* LanguageRouter.swift */; };
		867B2F7B2412585C00B16B01 /* AppDelegate.swift in Sources */ = {isa = PBXBuildFile; fileRef = 867B2F7A2412585C00B16B01 /* AppDelegate.swift */; };
		867B2F822412585C00B16B01 /* Main.storyboard in Resources */ = {isa = PBXBuildFile; fileRef = 867B2F802412585C00B16B01 /* Main.storyboard */; };
		867B2F842412586000B16B01 /* Assets.xcassets in Resources */ = {isa = PBXBuildFile; fileRef = 867B2F832412586000B16B01 /* Assets.xcassets */; };
		867B2F872412586000B16B01 /* LaunchScreen.storyboard in Resources */ = {isa = PBXBuildFile; fileRef = 867B2F852412586000B16B01 /* LaunchScreen.storyboard */; };
		8681657324466F2700D92626 /* UIImageView+Extension.swift in Sources */ = {isa = PBXBuildFile; fileRef = 8681657224466F2700D92626 /* UIImageView+Extension.swift */; };
		868165752446812000D92626 /* UISearchController+Extension.swift in Sources */ = {isa = PBXBuildFile; fileRef = 868165742446812000D92626 /* UISearchController+Extension.swift */; };
		86816577244682A400D92626 /* UITextField+Extension.swift in Sources */ = {isa = PBXBuildFile; fileRef = 86816576244682A400D92626 /* UITextField+Extension.swift */; };
		8681658224472CD100D92626 /* ProfileTableViewCell.swift in Sources */ = {isa = PBXBuildFile; fileRef = 8681658024472CD100D92626 /* ProfileTableViewCell.swift */; };
		8681658324472CD100D92626 /* ProfileTableViewCell.xib in Resources */ = {isa = PBXBuildFile; fileRef = 8681658124472CD100D92626 /* ProfileTableViewCell.xib */; };
		86BA53742453F54D00CA4329 /* UIView+Extension.swift in Sources */ = {isa = PBXBuildFile; fileRef = 86BA53732453F54D00CA4329 /* UIView+Extension.swift */; };
		86BD2C29242C1E88000404A3 /* SettingsMedia.xcassets in Resources */ = {isa = PBXBuildFile; fileRef = 86BD2C28242C1E88000404A3 /* SettingsMedia.xcassets */; };
		86CB7A7C2427DE0400995986 /* Settings.storyboard in Resources */ = {isa = PBXBuildFile; fileRef = 86CB7A7B2427DE0400995986 /* Settings.storyboard */; };
		86CB7AA6242B6BEF00995986 /* ProfileViewController.swift in Sources */ = {isa = PBXBuildFile; fileRef = 86CB7AA5242B6BEF00995986 /* ProfileViewController.swift */; };
		86CB7AA8242B6C0F00995986 /* ProfileViewModel.swift in Sources */ = {isa = PBXBuildFile; fileRef = 86CB7AA7242B6C0F00995986 /* ProfileViewModel.swift */; };
		86CB7AAA242B6C2C00995986 /* ProfileRouter.swift in Sources */ = {isa = PBXBuildFile; fileRef = 86CB7AA9242B6C2C00995986 /* ProfileRouter.swift */; };
		AA1B40C32431D48800E1D452 /* CreateChatViewController.swift in Sources */ = {isa = PBXBuildFile; fileRef = AA1B40C22431D48800E1D452 /* CreateChatViewController.swift */; };
		AA1B40C52431D49400E1D452 /* CreateChatViewModel.swift in Sources */ = {isa = PBXBuildFile; fileRef = AA1B40C42431D49400E1D452 /* CreateChatViewModel.swift */; };
		AA1B40C72431D4A100E1D452 /* CreateChatRouter.swift in Sources */ = {isa = PBXBuildFile; fileRef = AA1B40C62431D4A100E1D452 /* CreateChatRouter.swift */; };
		AA1B40EA2432AC5F00E1D452 /* MessangerModels.swift in Sources */ = {isa = PBXBuildFile; fileRef = AA1B40E92432AC5F00E1D452 /* MessangerModels.swift */; };
		AA1B40EF2433607200E1D452 /* DialogCollectionViewExtension.swift in Sources */ = {isa = PBXBuildFile; fileRef = AA1B40EE2433607200E1D452 /* DialogCollectionViewExtension.swift */; };
		AA1B40F3243360EB00E1D452 /* ChatListSearchBarExtension.swift in Sources */ = {isa = PBXBuildFile; fileRef = AA1B40F2243360EB00E1D452 /* ChatListSearchBarExtension.swift */; };
		AA1B40F5243360F800E1D452 /* ChatListTableViewExtension.swift in Sources */ = {isa = PBXBuildFile; fileRef = AA1B40F4243360F800E1D452 /* ChatListTableViewExtension.swift */; };
		AA1B40F72433615B00E1D452 /* DialogKeyBoardObserverExtension.swift in Sources */ = {isa = PBXBuildFile; fileRef = AA1B40F62433615B00E1D452 /* DialogKeyBoardObserverExtension.swift */; };
		AA1B40F9243361E000E1D452 /* ChatInfoTransferExtension.swift in Sources */ = {isa = PBXBuildFile; fileRef = AA1B40F8243361E000E1D452 /* ChatInfoTransferExtension.swift */; };
		AA1B5FC6241BF0DE0080443A /* SignInRouter.swift in Sources */ = {isa = PBXBuildFile; fileRef = AA1B5FC5241BF0DE0080443A /* SignInRouter.swift */; };
		AA1B5FC8241BF1C30080443A /* RegistrationCodeConfirmationRouter.swift in Sources */ = {isa = PBXBuildFile; fileRef = AA1B5FC7241BF1C30080443A /* RegistrationCodeConfirmationRouter.swift */; };
		AA1B5FCA241BF1D00080443A /* CreatePasswordRouter.swift in Sources */ = {isa = PBXBuildFile; fileRef = AA1B5FC9241BF1D00080443A /* CreatePasswordRouter.swift */; };
		AA1B5FCE241BF1F00080443A /* SignUpRouter.swift in Sources */ = {isa = PBXBuildFile; fileRef = AA1B5FCD241BF1F00080443A /* SignUpRouter.swift */; };
		AA1B5FD0241BF2010080443A /* GreetingRouter.swift in Sources */ = {isa = PBXBuildFile; fileRef = AA1B5FCF241BF2010080443A /* GreetingRouter.swift */; };
		AA1B5FD2241BF20F0080443A /* PasswordRecoveryRouter.swift in Sources */ = {isa = PBXBuildFile; fileRef = AA1B5FD1241BF20F0080443A /* PasswordRecoveryRouter.swift */; };
		AA1B5FD4241BF21B0080443A /* NewPasswordRouter.swift in Sources */ = {isa = PBXBuildFile; fileRef = AA1B5FD3241BF21B0080443A /* NewPasswordRouter.swift */; };
		AA1B5FD6241BF2250080443A /* CodeConfirmationRouter.swift in Sources */ = {isa = PBXBuildFile; fileRef = AA1B5FD5241BF2250080443A /* CodeConfirmationRouter.swift */; };
		AA1B5FD8241BF2390080443A /* SettingsRouter.swift in Sources */ = {isa = PBXBuildFile; fileRef = AA1B5FD7241BF2390080443A /* SettingsRouter.swift */; };
		AA1B5FDA241BF2450080443A /* ContactsRouter.swift in Sources */ = {isa = PBXBuildFile; fileRef = AA1B5FD9241BF2450080443A /* ContactsRouter.swift */; };
		AA1B5FDC241BF24D0080443A /* ChatsRouter.swift in Sources */ = {isa = PBXBuildFile; fileRef = AA1B5FDB241BF24D0080443A /* ChatsRouter.swift */; };
		AA1B5FDE241BF26E0080443A /* GreetingViewModel.swift in Sources */ = {isa = PBXBuildFile; fileRef = AA1B5FDD241BF26E0080443A /* GreetingViewModel.swift */; };
		AA1B5FE1241BF3830080443A /* BaseRouter.swift in Sources */ = {isa = PBXBuildFile; fileRef = AA1B5FE0241BF3830080443A /* BaseRouter.swift */; };
		AA487C48241E560900337FBF /* DialogViewController.swift in Sources */ = {isa = PBXBuildFile; fileRef = AA487C47241E560900337FBF /* DialogViewController.swift */; };
		AA487C4A241E561600337FBF /* DialogViewModel.swift in Sources */ = {isa = PBXBuildFile; fileRef = AA487C49241E561600337FBF /* DialogViewModel.swift */; };
		AA487C4C241E563900337FBF /* DialogRouter.swift in Sources */ = {isa = PBXBuildFile; fileRef = AA487C4B241E563900337FBF /* DialogRouter.swift */; };
		AA57A48C243A0E23001EE763 /* DateExtensions.swift in Sources */ = {isa = PBXBuildFile; fileRef = AA57A48B243A0E23001EE763 /* DateExtensions.swift */; };
		AA57A48E243A1452001EE763 /* MessagesObserverExtensions.swift in Sources */ = {isa = PBXBuildFile; fileRef = AA57A48D243A1452001EE763 /* MessagesObserverExtensions.swift */; };
		AA57A490243A470D001EE763 /* ContactsObserverExtension.swift in Sources */ = {isa = PBXBuildFile; fileRef = AA57A48F243A470D001EE763 /* ContactsObserverExtension.swift */; };
		AA57A492243A5B28001EE763 /* ChatsObserverExtension.swift in Sources */ = {isa = PBXBuildFile; fileRef = AA57A491243A5B28001EE763 /* ChatsObserverExtension.swift */; };
		AA5AD8382440BE04009CF15A /* SnapshotDecoder.swift in Sources */ = {isa = PBXBuildFile; fileRef = AA5AD8372440BE04009CF15A /* SnapshotDecoder.swift */; };
		AA64DE0F241B694400ED2C63 /* NetworkService.swift in Sources */ = {isa = PBXBuildFile; fileRef = AA64DE0E241B694400ED2C63 /* NetworkService.swift */; };
		AA64DE12241B698D00ED2C63 /* StorageService.swift in Sources */ = {isa = PBXBuildFile; fileRef = AA64DE11241B698D00ED2C63 /* StorageService.swift */; };
		AA64DE14241B72B600ED2C63 /* Reachability.swift in Sources */ = {isa = PBXBuildFile; fileRef = AA64DE13241B72B600ED2C63 /* Reachability.swift */; };
		AAB3AEF8241B7FAB00825F00 /* NewPasswordViewController.swift in Sources */ = {isa = PBXBuildFile; fileRef = AAB3AEF7241B7FAB00825F00 /* NewPasswordViewController.swift */; };
		AAB3AEFA241B7FB700825F00 /* NewPasswordViewModel.swift in Sources */ = {isa = PBXBuildFile; fileRef = AAB3AEF9241B7FB700825F00 /* NewPasswordViewModel.swift */; };
		AAB3AEFC241B7FCF00825F00 /* CodeConfirmationViewController.swift in Sources */ = {isa = PBXBuildFile; fileRef = AAB3AEFB241B7FCF00825F00 /* CodeConfirmationViewController.swift */; };
		AAB3AEFE241B7FDC00825F00 /* CodeConfirmationViewModel.swift in Sources */ = {isa = PBXBuildFile; fileRef = AAB3AEFD241B7FDC00825F00 /* CodeConfirmationViewModel.swift */; };
		AAB3AF08241B842100825F00 /* CreatePasswordViewController.swift in Sources */ = {isa = PBXBuildFile; fileRef = AAB3AF07241B842100825F00 /* CreatePasswordViewController.swift */; };
		AAB3AF0A241B842A00825F00 /* CreatePasswordViewModel.swift in Sources */ = {isa = PBXBuildFile; fileRef = AAB3AF09241B842A00825F00 /* CreatePasswordViewModel.swift */; };
		AAB3AF0C241B843900825F00 /* RegistrationCodeConfirmationViewController.swift in Sources */ = {isa = PBXBuildFile; fileRef = AAB3AF0B241B843900825F00 /* RegistrationCodeConfirmationViewController.swift */; };
		AAB3AF0E241B844000825F00 /* RegistrationCodeConfirmationViewModel.swift in Sources */ = {isa = PBXBuildFile; fileRef = AAB3AF0D241B844000825F00 /* RegistrationCodeConfirmationViewModel.swift */; };
		AAF194BF24310E1D00BB81BE /* MessageCollectionViewCell.swift in Sources */ = {isa = PBXBuildFile; fileRef = AAF194BE24310E1D00BB81BE /* MessageCollectionViewCell.swift */; };
		AAF834E1241920B200FDF9D2 /* GreetingViewController.swift in Sources */ = {isa = PBXBuildFile; fileRef = AAF834E0241920B200FDF9D2 /* GreetingViewController.swift */; };
		AAF834E62419228100FDF9D2 /* SignInViewController.swift in Sources */ = {isa = PBXBuildFile; fileRef = AAF834E52419228100FDF9D2 /* SignInViewController.swift */; };
		AAF834EA2419229D00FDF9D2 /* SignUpViewController.swift in Sources */ = {isa = PBXBuildFile; fileRef = AAF834E92419229D00FDF9D2 /* SignUpViewController.swift */; };
		AAF834F02419258100FDF9D2 /* PasswordRecoveryViewController.swift in Sources */ = {isa = PBXBuildFile; fileRef = AAF834EF2419258100FDF9D2 /* PasswordRecoveryViewController.swift */; };
		AAF834F42419295900FDF9D2 /* PasswordRecoveryViewModel.swift in Sources */ = {isa = PBXBuildFile; fileRef = AAF834F32419295900FDF9D2 /* PasswordRecoveryViewModel.swift */; };
		AAF834F62419296800FDF9D2 /* SignUpViewModel.swift in Sources */ = {isa = PBXBuildFile; fileRef = AAF834F52419296800FDF9D2 /* SignUpViewModel.swift */; };
		AAF834F82419297500FDF9D2 /* SignInViewModel.swift in Sources */ = {isa = PBXBuildFile; fileRef = AAF834F72419297500FDF9D2 /* SignInViewModel.swift */; };
		AAF835042419393700FDF9D2 /* Messenger.storyboard in Resources */ = {isa = PBXBuildFile; fileRef = AAF835032419393700FDF9D2 /* Messenger.storyboard */; };
		AAF8350E24193C3600FDF9D2 /* MessengerTabBarController.swift in Sources */ = {isa = PBXBuildFile; fileRef = AAF8350D24193C3600FDF9D2 /* MessengerTabBarController.swift */; };
		AAF8351024193F5200FDF9D2 /* SettingsViewController.swift in Sources */ = {isa = PBXBuildFile; fileRef = AAF8350F24193F5200FDF9D2 /* SettingsViewController.swift */; };
		AAF8351224193F5F00FDF9D2 /* SettingsViewModel.swift in Sources */ = {isa = PBXBuildFile; fileRef = AAF8351124193F5F00FDF9D2 /* SettingsViewModel.swift */; };
		AAF8351624193F7800FDF9D2 /* ContactsViewController.swift in Sources */ = {isa = PBXBuildFile; fileRef = AAF8351524193F7800FDF9D2 /* ContactsViewController.swift */; };
		AAF8351824193F8100FDF9D2 /* ContactsViewModel.swift in Sources */ = {isa = PBXBuildFile; fileRef = AAF8351724193F8100FDF9D2 /* ContactsViewModel.swift */; };
		AAF8351C24193F9200FDF9D2 /* ChatsViewController.swift in Sources */ = {isa = PBXBuildFile; fileRef = AAF8351B24193F9200FDF9D2 /* ChatsViewController.swift */; };
		AAF8351E24193F9E00FDF9D2 /* ChatsViewModel.swift in Sources */ = {isa = PBXBuildFile; fileRef = AAF8351D24193F9E00FDF9D2 /* ChatsViewModel.swift */; };
		E5E20B9087940D9FA82777B2 /* Pods_Messenger.framework in Frameworks */ = {isa = PBXBuildFile; fileRef = 262A7F8CC6FE8C4DBCBB667B /* Pods_Messenger.framework */; };
/* End PBXBuildFile section */

/* Begin PBXFileReference section */
		262A7F8CC6FE8C4DBCBB667B /* Pods_Messenger.framework */ = {isa = PBXFileReference; explicitFileType = wrapper.framework; includeInIndex = 0; path = Pods_Messenger.framework; sourceTree = BUILT_PRODUCTS_DIR; };
		3E1B54BD244F549A00804E4E /* StatusUsersFirebaseExtensions.swift */ = {isa = PBXFileReference; lastKnownFileType = sourcecode.swift; path = StatusUsersFirebaseExtensions.swift; sourceTree = "<group>"; };
		3E1B54BF2450575400804E4E /* TimerManager.swift */ = {isa = PBXFileReference; lastKnownFileType = sourcecode.swift; path = TimerManager.swift; sourceTree = "<group>"; };
		3E3185D0241C0381000FD0C2 /* GoogleService-Info.plist */ = {isa = PBXFileReference; fileEncoding = 4; lastKnownFileType = text.plist.xml; path = "GoogleService-Info.plist"; sourceTree = "<group>"; };
		3E50F190244634F900B34F8F /* ManagerActivityIndicator.swift */ = {isa = PBXFileReference; lastKnownFileType = sourcecode.swift; path = ManagerActivityIndicator.swift; sourceTree = "<group>"; };
		3E6BD3D2241FD70800CA6780 /* FirebaseService.swift */ = {isa = PBXFileReference; lastKnownFileType = sourcecode.swift; path = FirebaseService.swift; sourceTree = "<group>"; };
		3E78E7122422218F0053DD1C /* ExtensionAuth.swift */ = {isa = PBXFileReference; lastKnownFileType = sourcecode.swift; path = ExtensionAuth.swift; sourceTree = "<group>"; };
		3E78E71424222A700053DD1C /* Utilities.swift */ = {isa = PBXFileReference; lastKnownFileType = sourcecode.swift; path = Utilities.swift; sourceTree = "<group>"; };
		3E7CBF43242A83E6002DAD3F /* Media.xcassets */ = {isa = PBXFileReference; lastKnownFileType = folder.assetcatalog; path = Media.xcassets; sourceTree = "<group>"; };
		3E871EE92444B06400B00A7C /* ChatCell.swift */ = {isa = PBXFileReference; lastKnownFileType = sourcecode.swift; path = ChatCell.swift; sourceTree = "<group>"; };
		3E871EEA2444B06400B00A7C /* ChatCell.xib */ = {isa = PBXFileReference; lastKnownFileType = file.xib; path = ChatCell.xib; sourceTree = "<group>"; };
		3EA8B18D2434AA48001B4207 /* ExtensionsStoryboard.swift */ = {isa = PBXFileReference; lastKnownFileType = sourcecode.swift; path = ExtensionsStoryboard.swift; sourceTree = "<group>"; };
		3EB574FC2455802000E44603 /* ExtensionSizeScreen.swift */ = {isa = PBXFileReference; lastKnownFileType = sourcecode.swift; path = ExtensionSizeScreen.swift; sourceTree = "<group>"; };
		3EBEC40E242A2A5600AF858C /* AuthFirebaseService.swift */ = {isa = PBXFileReference; lastKnownFileType = sourcecode.swift; path = AuthFirebaseService.swift; sourceTree = "<group>"; };
		3ECF658C243CA0530095A53C /* ChatTableViewCell.swift */ = {isa = PBXFileReference; lastKnownFileType = sourcecode.swift; path = ChatTableViewCell.swift; sourceTree = "<group>"; };
		3ECF658D243CA0530095A53C /* ChatTableViewCell.xib */ = {isa = PBXFileReference; lastKnownFileType = file.xib; path = ChatTableViewCell.xib; sourceTree = "<group>"; };
		3EE90AC2243DDCEA009E0759 /* TableViewRegister.swift */ = {isa = PBXFileReference; lastKnownFileType = sourcecode.swift; path = TableViewRegister.swift; sourceTree = "<group>"; };
		3EE90AC4243DDF2F009E0759 /* ClassNameExtension.swift */ = {isa = PBXFileReference; lastKnownFileType = sourcecode.swift; path = ClassNameExtension.swift; sourceTree = "<group>"; };
		3EE90AC6243DE219009E0759 /* ImagePicker.swift */ = {isa = PBXFileReference; lastKnownFileType = sourcecode.swift; path = ImagePicker.swift; sourceTree = "<group>"; };
		860A8FCA244281600070D8D5 /* UserSettings.swift */ = {isa = PBXFileReference; lastKnownFileType = sourcecode.swift; path = UserSettings.swift; sourceTree = "<group>"; };
		8625597324527350009B849C /* UIButton+Extension.swift */ = {isa = PBXFileReference; lastKnownFileType = sourcecode.swift; path = "UIButton+Extension.swift"; sourceTree = "<group>"; };
		863D4C2B245497AD00B3FD89 /* UISearchBar+Extension.swift */ = {isa = PBXFileReference; lastKnownFileType = sourcecode.swift; path = "UISearchBar+Extension.swift"; sourceTree = "<group>"; };
		8648547E2455EE78007EE9E3 /* LanguageViewController.swift */ = {isa = PBXFileReference; lastKnownFileType = sourcecode.swift; path = LanguageViewController.swift; sourceTree = "<group>"; };
		864854802455EEC7007EE9E3 /* LanguageViewModel.swift */ = {isa = PBXFileReference; lastKnownFileType = sourcecode.swift; path = LanguageViewModel.swift; sourceTree = "<group>"; };
		864854822455EEEE007EE9E3 /* LanguageRouter.swift */ = {isa = PBXFileReference; lastKnownFileType = sourcecode.swift; path = LanguageRouter.swift; sourceTree = "<group>"; };
		867B2F772412585C00B16B01 /* Paragram.app */ = {isa = PBXFileReference; explicitFileType = wrapper.application; includeInIndex = 0; path = Paragram.app; sourceTree = BUILT_PRODUCTS_DIR; };
		867B2F7A2412585C00B16B01 /* AppDelegate.swift */ = {isa = PBXFileReference; lastKnownFileType = sourcecode.swift; path = AppDelegate.swift; sourceTree = "<group>"; };
		867B2F812412585C00B16B01 /* Base */ = {isa = PBXFileReference; lastKnownFileType = file.storyboard; name = Base; path = Base.lproj/Main.storyboard; sourceTree = "<group>"; };
		867B2F832412586000B16B01 /* Assets.xcassets */ = {isa = PBXFileReference; lastKnownFileType = folder.assetcatalog; path = Assets.xcassets; sourceTree = "<group>"; };
		867B2F862412586000B16B01 /* Base */ = {isa = PBXFileReference; lastKnownFileType = file.storyboard; name = Base; path = Base.lproj/LaunchScreen.storyboard; sourceTree = "<group>"; };
		867B2F882412586000B16B01 /* Info.plist */ = {isa = PBXFileReference; lastKnownFileType = text.plist.xml; path = Info.plist; sourceTree = "<group>"; };
		8681657224466F2700D92626 /* UIImageView+Extension.swift */ = {isa = PBXFileReference; lastKnownFileType = sourcecode.swift; path = "UIImageView+Extension.swift"; sourceTree = "<group>"; };
		868165742446812000D92626 /* UISearchController+Extension.swift */ = {isa = PBXFileReference; lastKnownFileType = sourcecode.swift; path = "UISearchController+Extension.swift"; sourceTree = "<group>"; };
		86816576244682A400D92626 /* UITextField+Extension.swift */ = {isa = PBXFileReference; lastKnownFileType = sourcecode.swift; path = "UITextField+Extension.swift"; sourceTree = "<group>"; };
		8681658024472CD100D92626 /* ProfileTableViewCell.swift */ = {isa = PBXFileReference; fileEncoding = 4; lastKnownFileType = sourcecode.swift; path = ProfileTableViewCell.swift; sourceTree = "<group>"; };
		8681658124472CD100D92626 /* ProfileTableViewCell.xib */ = {isa = PBXFileReference; fileEncoding = 4; lastKnownFileType = file.xib; path = ProfileTableViewCell.xib; sourceTree = "<group>"; };
		86BA53732453F54D00CA4329 /* UIView+Extension.swift */ = {isa = PBXFileReference; lastKnownFileType = sourcecode.swift; path = "UIView+Extension.swift"; sourceTree = "<group>"; };
		86BD2C28242C1E88000404A3 /* SettingsMedia.xcassets */ = {isa = PBXFileReference; lastKnownFileType = folder.assetcatalog; path = SettingsMedia.xcassets; sourceTree = "<group>"; };
		86CB7A7B2427DE0400995986 /* Settings.storyboard */ = {isa = PBXFileReference; fileEncoding = 4; lastKnownFileType = file.storyboard; path = Settings.storyboard; sourceTree = "<group>"; };
		86CB7AA5242B6BEF00995986 /* ProfileViewController.swift */ = {isa = PBXFileReference; lastKnownFileType = sourcecode.swift; path = ProfileViewController.swift; sourceTree = "<group>"; };
		86CB7AA7242B6C0F00995986 /* ProfileViewModel.swift */ = {isa = PBXFileReference; lastKnownFileType = sourcecode.swift; path = ProfileViewModel.swift; sourceTree = "<group>"; };
		86CB7AA9242B6C2C00995986 /* ProfileRouter.swift */ = {isa = PBXFileReference; lastKnownFileType = sourcecode.swift; path = ProfileRouter.swift; sourceTree = "<group>"; };
		AA1B40C22431D48800E1D452 /* CreateChatViewController.swift */ = {isa = PBXFileReference; lastKnownFileType = sourcecode.swift; path = CreateChatViewController.swift; sourceTree = "<group>"; };
		AA1B40C42431D49400E1D452 /* CreateChatViewModel.swift */ = {isa = PBXFileReference; lastKnownFileType = sourcecode.swift; path = CreateChatViewModel.swift; sourceTree = "<group>"; };
		AA1B40C62431D4A100E1D452 /* CreateChatRouter.swift */ = {isa = PBXFileReference; lastKnownFileType = sourcecode.swift; path = CreateChatRouter.swift; sourceTree = "<group>"; };
		AA1B40E92432AC5F00E1D452 /* MessangerModels.swift */ = {isa = PBXFileReference; lastKnownFileType = sourcecode.swift; path = MessangerModels.swift; sourceTree = "<group>"; };
		AA1B40EE2433607200E1D452 /* DialogCollectionViewExtension.swift */ = {isa = PBXFileReference; lastKnownFileType = sourcecode.swift; path = DialogCollectionViewExtension.swift; sourceTree = "<group>"; };
		AA1B40F2243360EB00E1D452 /* ChatListSearchBarExtension.swift */ = {isa = PBXFileReference; lastKnownFileType = sourcecode.swift; path = ChatListSearchBarExtension.swift; sourceTree = "<group>"; };
		AA1B40F4243360F800E1D452 /* ChatListTableViewExtension.swift */ = {isa = PBXFileReference; lastKnownFileType = sourcecode.swift; path = ChatListTableViewExtension.swift; sourceTree = "<group>"; };
		AA1B40F62433615B00E1D452 /* DialogKeyBoardObserverExtension.swift */ = {isa = PBXFileReference; lastKnownFileType = sourcecode.swift; path = DialogKeyBoardObserverExtension.swift; sourceTree = "<group>"; };
		AA1B40F8243361E000E1D452 /* ChatInfoTransferExtension.swift */ = {isa = PBXFileReference; lastKnownFileType = sourcecode.swift; path = ChatInfoTransferExtension.swift; sourceTree = "<group>"; };
		AA1B5FC5241BF0DE0080443A /* SignInRouter.swift */ = {isa = PBXFileReference; lastKnownFileType = sourcecode.swift; path = SignInRouter.swift; sourceTree = "<group>"; };
		AA1B5FC7241BF1C30080443A /* RegistrationCodeConfirmationRouter.swift */ = {isa = PBXFileReference; lastKnownFileType = sourcecode.swift; path = RegistrationCodeConfirmationRouter.swift; sourceTree = "<group>"; };
		AA1B5FC9241BF1D00080443A /* CreatePasswordRouter.swift */ = {isa = PBXFileReference; lastKnownFileType = sourcecode.swift; path = CreatePasswordRouter.swift; sourceTree = "<group>"; };
		AA1B5FCD241BF1F00080443A /* SignUpRouter.swift */ = {isa = PBXFileReference; lastKnownFileType = sourcecode.swift; path = SignUpRouter.swift; sourceTree = "<group>"; };
		AA1B5FCF241BF2010080443A /* GreetingRouter.swift */ = {isa = PBXFileReference; lastKnownFileType = sourcecode.swift; path = GreetingRouter.swift; sourceTree = "<group>"; };
		AA1B5FD1241BF20F0080443A /* PasswordRecoveryRouter.swift */ = {isa = PBXFileReference; lastKnownFileType = sourcecode.swift; path = PasswordRecoveryRouter.swift; sourceTree = "<group>"; };
		AA1B5FD3241BF21B0080443A /* NewPasswordRouter.swift */ = {isa = PBXFileReference; lastKnownFileType = sourcecode.swift; path = NewPasswordRouter.swift; sourceTree = "<group>"; };
		AA1B5FD5241BF2250080443A /* CodeConfirmationRouter.swift */ = {isa = PBXFileReference; lastKnownFileType = sourcecode.swift; path = CodeConfirmationRouter.swift; sourceTree = "<group>"; };
		AA1B5FD7241BF2390080443A /* SettingsRouter.swift */ = {isa = PBXFileReference; lastKnownFileType = sourcecode.swift; path = SettingsRouter.swift; sourceTree = "<group>"; };
		AA1B5FD9241BF2450080443A /* ContactsRouter.swift */ = {isa = PBXFileReference; lastKnownFileType = sourcecode.swift; path = ContactsRouter.swift; sourceTree = "<group>"; };
		AA1B5FDB241BF24D0080443A /* ChatsRouter.swift */ = {isa = PBXFileReference; lastKnownFileType = sourcecode.swift; path = ChatsRouter.swift; sourceTree = "<group>"; };
		AA1B5FDD241BF26E0080443A /* GreetingViewModel.swift */ = {isa = PBXFileReference; lastKnownFileType = sourcecode.swift; path = GreetingViewModel.swift; sourceTree = "<group>"; };
		AA1B5FE0241BF3830080443A /* BaseRouter.swift */ = {isa = PBXFileReference; lastKnownFileType = sourcecode.swift; path = BaseRouter.swift; sourceTree = "<group>"; };
		AA487C47241E560900337FBF /* DialogViewController.swift */ = {isa = PBXFileReference; lastKnownFileType = sourcecode.swift; path = DialogViewController.swift; sourceTree = "<group>"; };
		AA487C49241E561600337FBF /* DialogViewModel.swift */ = {isa = PBXFileReference; lastKnownFileType = sourcecode.swift; path = DialogViewModel.swift; sourceTree = "<group>"; };
		AA487C4B241E563900337FBF /* DialogRouter.swift */ = {isa = PBXFileReference; lastKnownFileType = sourcecode.swift; path = DialogRouter.swift; sourceTree = "<group>"; };
		AA57A48B243A0E23001EE763 /* DateExtensions.swift */ = {isa = PBXFileReference; lastKnownFileType = sourcecode.swift; path = DateExtensions.swift; sourceTree = "<group>"; };
		AA57A48D243A1452001EE763 /* MessagesObserverExtensions.swift */ = {isa = PBXFileReference; lastKnownFileType = sourcecode.swift; path = MessagesObserverExtensions.swift; sourceTree = "<group>"; };
		AA57A48F243A470D001EE763 /* ContactsObserverExtension.swift */ = {isa = PBXFileReference; lastKnownFileType = sourcecode.swift; path = ContactsObserverExtension.swift; sourceTree = "<group>"; };
		AA57A491243A5B28001EE763 /* ChatsObserverExtension.swift */ = {isa = PBXFileReference; lastKnownFileType = sourcecode.swift; path = ChatsObserverExtension.swift; sourceTree = "<group>"; };
		AA5AD8372440BE04009CF15A /* SnapshotDecoder.swift */ = {isa = PBXFileReference; lastKnownFileType = sourcecode.swift; path = SnapshotDecoder.swift; sourceTree = "<group>"; };
		AA64DE0E241B694400ED2C63 /* NetworkService.swift */ = {isa = PBXFileReference; lastKnownFileType = sourcecode.swift; path = NetworkService.swift; sourceTree = "<group>"; };
		AA64DE11241B698D00ED2C63 /* StorageService.swift */ = {isa = PBXFileReference; lastKnownFileType = sourcecode.swift; path = StorageService.swift; sourceTree = "<group>"; };
		AA64DE13241B72B600ED2C63 /* Reachability.swift */ = {isa = PBXFileReference; lastKnownFileType = sourcecode.swift; path = Reachability.swift; sourceTree = "<group>"; };
		AAB3AEF7241B7FAB00825F00 /* NewPasswordViewController.swift */ = {isa = PBXFileReference; lastKnownFileType = sourcecode.swift; path = NewPasswordViewController.swift; sourceTree = "<group>"; };
		AAB3AEF9241B7FB700825F00 /* NewPasswordViewModel.swift */ = {isa = PBXFileReference; lastKnownFileType = sourcecode.swift; path = NewPasswordViewModel.swift; sourceTree = "<group>"; };
		AAB3AEFB241B7FCF00825F00 /* CodeConfirmationViewController.swift */ = {isa = PBXFileReference; lastKnownFileType = sourcecode.swift; path = CodeConfirmationViewController.swift; sourceTree = "<group>"; };
		AAB3AEFD241B7FDC00825F00 /* CodeConfirmationViewModel.swift */ = {isa = PBXFileReference; lastKnownFileType = sourcecode.swift; path = CodeConfirmationViewModel.swift; sourceTree = "<group>"; };
		AAB3AF07241B842100825F00 /* CreatePasswordViewController.swift */ = {isa = PBXFileReference; lastKnownFileType = sourcecode.swift; path = CreatePasswordViewController.swift; sourceTree = "<group>"; };
		AAB3AF09241B842A00825F00 /* CreatePasswordViewModel.swift */ = {isa = PBXFileReference; lastKnownFileType = sourcecode.swift; path = CreatePasswordViewModel.swift; sourceTree = "<group>"; };
		AAB3AF0B241B843900825F00 /* RegistrationCodeConfirmationViewController.swift */ = {isa = PBXFileReference; lastKnownFileType = sourcecode.swift; path = RegistrationCodeConfirmationViewController.swift; sourceTree = "<group>"; };
		AAB3AF0D241B844000825F00 /* RegistrationCodeConfirmationViewModel.swift */ = {isa = PBXFileReference; lastKnownFileType = sourcecode.swift; path = RegistrationCodeConfirmationViewModel.swift; sourceTree = "<group>"; };
		AAF194B72430C1A200BB81BE /* Messenger.entitlements */ = {isa = PBXFileReference; lastKnownFileType = text.plist.entitlements; path = Messenger.entitlements; sourceTree = "<group>"; };
		AAF194BE24310E1D00BB81BE /* MessageCollectionViewCell.swift */ = {isa = PBXFileReference; lastKnownFileType = sourcecode.swift; path = MessageCollectionViewCell.swift; sourceTree = "<group>"; };
		AAF834E0241920B200FDF9D2 /* GreetingViewController.swift */ = {isa = PBXFileReference; lastKnownFileType = sourcecode.swift; path = GreetingViewController.swift; sourceTree = "<group>"; };
		AAF834E52419228100FDF9D2 /* SignInViewController.swift */ = {isa = PBXFileReference; lastKnownFileType = sourcecode.swift; path = SignInViewController.swift; sourceTree = "<group>"; };
		AAF834E92419229D00FDF9D2 /* SignUpViewController.swift */ = {isa = PBXFileReference; lastKnownFileType = sourcecode.swift; path = SignUpViewController.swift; sourceTree = "<group>"; };
		AAF834EF2419258100FDF9D2 /* PasswordRecoveryViewController.swift */ = {isa = PBXFileReference; lastKnownFileType = sourcecode.swift; path = PasswordRecoveryViewController.swift; sourceTree = "<group>"; };
		AAF834F32419295900FDF9D2 /* PasswordRecoveryViewModel.swift */ = {isa = PBXFileReference; lastKnownFileType = sourcecode.swift; path = PasswordRecoveryViewModel.swift; sourceTree = "<group>"; };
		AAF834F52419296800FDF9D2 /* SignUpViewModel.swift */ = {isa = PBXFileReference; lastKnownFileType = sourcecode.swift; path = SignUpViewModel.swift; sourceTree = "<group>"; };
		AAF834F72419297500FDF9D2 /* SignInViewModel.swift */ = {isa = PBXFileReference; lastKnownFileType = sourcecode.swift; path = SignInViewModel.swift; sourceTree = "<group>"; };
		AAF835032419393700FDF9D2 /* Messenger.storyboard */ = {isa = PBXFileReference; lastKnownFileType = file.storyboard; path = Messenger.storyboard; sourceTree = "<group>"; };
		AAF8350D24193C3600FDF9D2 /* MessengerTabBarController.swift */ = {isa = PBXFileReference; lastKnownFileType = sourcecode.swift; path = MessengerTabBarController.swift; sourceTree = "<group>"; };
		AAF8350F24193F5200FDF9D2 /* SettingsViewController.swift */ = {isa = PBXFileReference; lastKnownFileType = sourcecode.swift; path = SettingsViewController.swift; sourceTree = "<group>"; };
		AAF8351124193F5F00FDF9D2 /* SettingsViewModel.swift */ = {isa = PBXFileReference; lastKnownFileType = sourcecode.swift; path = SettingsViewModel.swift; sourceTree = "<group>"; };
		AAF8351524193F7800FDF9D2 /* ContactsViewController.swift */ = {isa = PBXFileReference; lastKnownFileType = sourcecode.swift; path = ContactsViewController.swift; sourceTree = "<group>"; };
		AAF8351724193F8100FDF9D2 /* ContactsViewModel.swift */ = {isa = PBXFileReference; lastKnownFileType = sourcecode.swift; path = ContactsViewModel.swift; sourceTree = "<group>"; };
		AAF8351B24193F9200FDF9D2 /* ChatsViewController.swift */ = {isa = PBXFileReference; lastKnownFileType = sourcecode.swift; path = ChatsViewController.swift; sourceTree = "<group>"; };
		AAF8351D24193F9E00FDF9D2 /* ChatsViewModel.swift */ = {isa = PBXFileReference; lastKnownFileType = sourcecode.swift; path = ChatsViewModel.swift; sourceTree = "<group>"; };
		EA214A8D9BCA7FD50BF9F06C /* Pods-Messenger.release.xcconfig */ = {isa = PBXFileReference; includeInIndex = 1; lastKnownFileType = text.xcconfig; name = "Pods-Messenger.release.xcconfig"; path = "Target Support Files/Pods-Messenger/Pods-Messenger.release.xcconfig"; sourceTree = "<group>"; };
		EAF45A76534CA7D26C32BE2B /* Pods-Messenger.debug.xcconfig */ = {isa = PBXFileReference; includeInIndex = 1; lastKnownFileType = text.xcconfig; name = "Pods-Messenger.debug.xcconfig"; path = "Target Support Files/Pods-Messenger/Pods-Messenger.debug.xcconfig"; sourceTree = "<group>"; };
/* End PBXFileReference section */

/* Begin PBXFrameworksBuildPhase section */
		867B2F742412585C00B16B01 /* Frameworks */ = {
			isa = PBXFrameworksBuildPhase;
			buildActionMask = 2147483647;
			files = (
				E5E20B9087940D9FA82777B2 /* Pods_Messenger.framework in Frameworks */,
			);
			runOnlyForDeploymentPostprocessing = 0;
		};
/* End PBXFrameworksBuildPhase section */

/* Begin PBXGroup section */
		288ECCA6E69D998E5B02B7E0 /* Frameworks */ = {
			isa = PBXGroup;
			children = (
				262A7F8CC6FE8C4DBCBB667B /* Pods_Messenger.framework */,
			);
			name = Frameworks;
			sourceTree = "<group>";
		};
		3E78E71624222A7E0053DD1C /* Utilities */ = {
			isa = PBXGroup;
			children = (
				3E78E71424222A700053DD1C /* Utilities.swift */,
			);
			path = Utilities;
			sourceTree = "<group>";
		};
		3EA8B18C2434AA14001B4207 /* Extensions */ = {
			isa = PBXGroup;
			children = (
				3EE90AC4243DDF2F009E0759 /* ClassNameExtension.swift */,
				3EA8B18D2434AA48001B4207 /* ExtensionsStoryboard.swift */,
				3EE90AC2243DDCEA009E0759 /* TableViewRegister.swift */,
				AA57A48B243A0E23001EE763 /* DateExtensions.swift */,
				8681657224466F2700D92626 /* UIImageView+Extension.swift */,
				868165742446812000D92626 /* UISearchController+Extension.swift */,
				86816576244682A400D92626 /* UITextField+Extension.swift */,
				8625597324527350009B849C /* UIButton+Extension.swift */,
				86BA53732453F54D00CA4329 /* UIView+Extension.swift */,
				863D4C2B245497AD00B3FD89 /* UISearchBar+Extension.swift */,
				3EB574FC2455802000E44603 /* ExtensionSizeScreen.swift */,
			);
			path = Extensions;
			sourceTree = "<group>";
		};
		3EBEC410242A2A6000AF858C /* Extensions */ = {
			isa = PBXGroup;
			children = (
				3EBEC40E242A2A5600AF858C /* AuthFirebaseService.swift */,
				AA57A48D243A1452001EE763 /* MessagesObserverExtensions.swift */,
				AA57A48F243A470D001EE763 /* ContactsObserverExtension.swift */,
				AA57A491243A5B28001EE763 /* ChatsObserverExtension.swift */,
				3E1B54BD244F549A00804E4E /* StatusUsersFirebaseExtensions.swift */,
			);
			path = Extensions;
			sourceTree = "<group>";
		};
		3ECF6590243CC7610095A53C /* CellChat */ = {
			isa = PBXGroup;
			children = (
				3ECF658C243CA0530095A53C /* ChatTableViewCell.swift */,
				3ECF658D243CA0530095A53C /* ChatTableViewCell.xib */,
				3E871EE92444B06400B00A7C /* ChatCell.swift */,
				3E871EEA2444B06400B00A7C /* ChatCell.xib */,
			);
			path = CellChat;
			sourceTree = "<group>";
		};
		860A8FC9244281240070D8D5 /* UserDefaults */ = {
			isa = PBXGroup;
			children = (
				860A8FCA244281600070D8D5 /* UserSettings.swift */,
			);
			path = UserDefaults;
			sourceTree = "<group>";
		};
		864854842455EF0C007EE9E3 /* Language */ = {
			isa = PBXGroup;
			children = (
				8648547E2455EE78007EE9E3 /* LanguageViewController.swift */,
				864854802455EEC7007EE9E3 /* LanguageViewModel.swift */,
				864854822455EEEE007EE9E3 /* LanguageRouter.swift */,
			);
			path = Language;
			sourceTree = "<group>";
		};
		867B2F6E2412585C00B16B01 = {
			isa = PBXGroup;
			children = (
				867B2F792412585C00B16B01 /* Messenger */,
				867B2F782412585C00B16B01 /* Products */,
				DBA31C2C1F5C448F7E2E69C5 /* Pods */,
				288ECCA6E69D998E5B02B7E0 /* Frameworks */,
			);
			sourceTree = "<group>";
		};
		867B2F782412585C00B16B01 /* Products */ = {
			isa = PBXGroup;
			children = (
				867B2F772412585C00B16B01 /* Paragram.app */,
			);
			name = Products;
			sourceTree = "<group>";
		};
		867B2F792412585C00B16B01 /* Messenger */ = {
			isa = PBXGroup;
			children = (
				860A8FC9244281240070D8D5 /* UserDefaults */,
				3EA8B18C2434AA14001B4207 /* Extensions */,
				AA1B40E82432AC4100E1D452 /* Models */,
				AAF194B72430C1A200BB81BE /* Messenger.entitlements */,
				AA1B5FDF241BF34C0080443A /* Base */,
				AAF834A52418FA5900FDF9D2 /* Scenes */,
				AAF834A72418FA8700FDF9D2 /* Servicies */,
				AAF834A62418FA7700FDF9D2 /* Utilities */,
				AAF834A42418FA4400FDF9D2 /* Storyboards */,
				AAF834A82418FB5000FDF9D2 /* Resources */,
				867B2F7A2412585C00B16B01 /* AppDelegate.swift */,
				3E3185D0241C0381000FD0C2 /* GoogleService-Info.plist */,
				867B2F882412586000B16B01 /* Info.plist */,
			);
			path = Messenger;
			sourceTree = "<group>";
		};
		8681657F24472CD100D92626 /* ProfileTableViewCell */ = {
			isa = PBXGroup;
			children = (
				8681658024472CD100D92626 /* ProfileTableViewCell.swift */,
				8681658124472CD100D92626 /* ProfileTableViewCell.xib */,
			);
			path = ProfileTableViewCell;
			sourceTree = "<group>";
		};
		86CB7AAB242B6C4000995986 /* Profile */ = {
			isa = PBXGroup;
			children = (
				86CB7AA5242B6BEF00995986 /* ProfileViewController.swift */,
				86CB7AA7242B6C0F00995986 /* ProfileViewModel.swift */,
				86CB7AA9242B6C2C00995986 /* ProfileRouter.swift */,
			);
			path = Profile;
			sourceTree = "<group>";
		};
		AA1B40C12431D44100E1D452 /* CreateChat */ = {
			isa = PBXGroup;
			children = (
				AA1B40C22431D48800E1D452 /* CreateChatViewController.swift */,
				AA1B40C42431D49400E1D452 /* CreateChatViewModel.swift */,
				AA1B40C62431D4A100E1D452 /* CreateChatRouter.swift */,
			);
			path = CreateChat;
			sourceTree = "<group>";
		};
		AA1B40E82432AC4100E1D452 /* Models */ = {
			isa = PBXGroup;
			children = (
				AA1B40E92432AC5F00E1D452 /* MessangerModels.swift */,
			);
			path = Models;
			sourceTree = "<group>";
		};
		AA1B40EB2433600100E1D452 /* Extensions */ = {
			isa = PBXGroup;
			children = (
				AA1B40EE2433607200E1D452 /* DialogCollectionViewExtension.swift */,
				AA1B40F62433615B00E1D452 /* DialogKeyBoardObserverExtension.swift */,
				AA1B40F2243360EB00E1D452 /* ChatListSearchBarExtension.swift */,
				AA1B40F8243361E000E1D452 /* ChatInfoTransferExtension.swift */,
				AA1B40F4243360F800E1D452 /* ChatListTableViewExtension.swift */,
			);
			path = Extensions;
			sourceTree = "<group>";
		};
		AA1B5FDF241BF34C0080443A /* Base */ = {
			isa = PBXGroup;
			children = (
				AA1B5FE0241BF3830080443A /* BaseRouter.swift */,
			);
			path = Base;
			sourceTree = "<group>";
		};
		AA487C46241E55F500337FBF /* Dialog */ = {
			isa = PBXGroup;
			children = (
				AA487C47241E560900337FBF /* DialogViewController.swift */,
				AA487C49241E561600337FBF /* DialogViewModel.swift */,
				AA487C4B241E563900337FBF /* DialogRouter.swift */,
				AAF194BE24310E1D00BB81BE /* MessageCollectionViewCell.swift */,
			);
			path = Dialog;
			sourceTree = "<group>";
		};
		AA487C4D241E56A300337FBF /* ChatsList */ = {
			isa = PBXGroup;
			children = (
				AAF8351B24193F9200FDF9D2 /* ChatsViewController.swift */,
				AAF8351D24193F9E00FDF9D2 /* ChatsViewModel.swift */,
				AA1B5FDB241BF24D0080443A /* ChatsRouter.swift */,
			);
			path = ChatsList;
			sourceTree = "<group>";
		};
		AAB3AEF4241B7F4B00825F00 /* CodeConfirmation */ = {
			isa = PBXGroup;
			children = (
				AAB3AEFB241B7FCF00825F00 /* CodeConfirmationViewController.swift */,
				AAB3AEFD241B7FDC00825F00 /* CodeConfirmationViewModel.swift */,
				AA1B5FD5241BF2250080443A /* CodeConfirmationRouter.swift */,
			);
			path = CodeConfirmation;
			sourceTree = "<group>";
		};
		AAB3AEF5241B7F7100825F00 /* NewPassword */ = {
			isa = PBXGroup;
			children = (
				AAB3AEF7241B7FAB00825F00 /* NewPasswordViewController.swift */,
				AAB3AEF9241B7FB700825F00 /* NewPasswordViewModel.swift */,
				AA1B5FD3241BF21B0080443A /* NewPasswordRouter.swift */,
			);
			path = NewPassword;
			sourceTree = "<group>";
		};
		AAB3AEF6241B7F7D00825F00 /* PasswordRecovery */ = {
			isa = PBXGroup;
			children = (
				AAF834EF2419258100FDF9D2 /* PasswordRecoveryViewController.swift */,
				AAF834F32419295900FDF9D2 /* PasswordRecoveryViewModel.swift */,
				AA1B5FD1241BF20F0080443A /* PasswordRecoveryRouter.swift */,
			);
			path = PasswordRecovery;
			sourceTree = "<group>";
		};
		AAB3AEFF241B837900825F00 /* RegistrationCodeConfirmation */ = {
			isa = PBXGroup;
			children = (
				AAB3AF0B241B843900825F00 /* RegistrationCodeConfirmationViewController.swift */,
				AAB3AF0D241B844000825F00 /* RegistrationCodeConfirmationViewModel.swift */,
				AA1B5FC7241BF1C30080443A /* RegistrationCodeConfirmationRouter.swift */,
			);
			path = RegistrationCodeConfirmation;
			sourceTree = "<group>";
		};
		AAB3AF00241B839600825F00 /* CreatePassword */ = {
			isa = PBXGroup;
			children = (
				AAB3AF07241B842100825F00 /* CreatePasswordViewController.swift */,
				AAB3AF09241B842A00825F00 /* CreatePasswordViewModel.swift */,
				AA1B5FC9241BF1D00080443A /* CreatePasswordRouter.swift */,
			);
			path = CreatePassword;
			sourceTree = "<group>";
		};
		AAB3AF02241B83B400825F00 /* SignUp */ = {
			isa = PBXGroup;
			children = (
				AAF834E92419229D00FDF9D2 /* SignUpViewController.swift */,
				AAF834F52419296800FDF9D2 /* SignUpViewModel.swift */,
				AA1B5FCD241BF1F00080443A /* SignUpRouter.swift */,
			);
			path = SignUp;
			sourceTree = "<group>";
		};
		AAF834A42418FA4400FDF9D2 /* Storyboards */ = {
			isa = PBXGroup;
			children = (
				867B2F802412585C00B16B01 /* Main.storyboard */,
				AAF835032419393700FDF9D2 /* Messenger.storyboard */,
				86CB7A7B2427DE0400995986 /* Settings.storyboard */,
				867B2F852412586000B16B01 /* LaunchScreen.storyboard */,
			);
			path = Storyboards;
			sourceTree = "<group>";
		};
		AAF834A52418FA5900FDF9D2 /* Scenes */ = {
			isa = PBXGroup;
			children = (
				AAF834FE241938A700FDF9D2 /* Messenger */,
				AAF834A92418FC7700FDF9D2 /* Login */,
			);
			path = Scenes;
			sourceTree = "<group>";
		};
		AAF834A62418FA7700FDF9D2 /* Utilities */ = {
			isa = PBXGroup;
			children = (
				AA64DE13241B72B600ED2C63 /* Reachability.swift */,
				AA5AD8372440BE04009CF15A /* SnapshotDecoder.swift */,
				3E1B54BF2450575400804E4E /* TimerManager.swift */,
			);
			path = Utilities;
			sourceTree = "<group>";
		};
		AAF834A72418FA8700FDF9D2 /* Servicies */ = {
			isa = PBXGroup;
			children = (
				AA64DE0E241B694400ED2C63 /* NetworkService.swift */,
				AA64DE11241B698D00ED2C63 /* StorageService.swift */,
				3E6BD3D2241FD70800CA6780 /* FirebaseService.swift */,
				3EBEC410242A2A6000AF858C /* Extensions */,
			);
			path = Servicies;
			sourceTree = "<group>";
		};
		AAF834A82418FB5000FDF9D2 /* Resources */ = {
			isa = PBXGroup;
			children = (
				867B2F832412586000B16B01 /* Assets.xcassets */,
				86BD2C28242C1E88000404A3 /* SettingsMedia.xcassets */,
				3E7CBF43242A83E6002DAD3F /* Media.xcassets */,
			);
			path = Resources;
			sourceTree = "<group>";
		};
		AAF834A92418FC7700FDF9D2 /* Login */ = {
			isa = PBXGroup;
			children = (
				3E78E7122422218F0053DD1C /* ExtensionAuth.swift */,
				3EE90AC6243DE219009E0759 /* ImagePicker.swift */,
				3E50F190244634F900B34F8F /* ManagerActivityIndicator.swift */,
				3E78E71624222A7E0053DD1C /* Utilities */,
				AAF834AC2418FCC100FDF9D2 /* PasswordRecovery */,
				AAF834AB2418FCA700FDF9D2 /* SignUp */,
				AAF834AA2418FC9E00FDF9D2 /* SignIn */,
			);
			path = Login;
			sourceTree = "<group>";
		};
		AAF834AA2418FC9E00FDF9D2 /* SignIn */ = {
			isa = PBXGroup;
			children = (
				AAF834DF2419207600FDF9D2 /* Greeting */,
				AAF834E52419228100FDF9D2 /* SignInViewController.swift */,
				AAF834F72419297500FDF9D2 /* SignInViewModel.swift */,
				AA1B5FC5241BF0DE0080443A /* SignInRouter.swift */,
			);
			path = SignIn;
			sourceTree = "<group>";
		};
		AAF834AB2418FCA700FDF9D2 /* SignUp */ = {
			isa = PBXGroup;
			children = (
				AAB3AF02241B83B400825F00 /* SignUp */,
				AAB3AF00241B839600825F00 /* CreatePassword */,
				AAB3AEFF241B837900825F00 /* RegistrationCodeConfirmation */,
			);
			path = SignUp;
			sourceTree = "<group>";
		};
		AAF834AC2418FCC100FDF9D2 /* PasswordRecovery */ = {
			isa = PBXGroup;
			children = (
				AAB3AEF6241B7F7D00825F00 /* PasswordRecovery */,
				AAB3AEF5241B7F7100825F00 /* NewPassword */,
				AAB3AEF4241B7F4B00825F00 /* CodeConfirmation */,
			);
			path = PasswordRecovery;
			sourceTree = "<group>";
		};
		AAF834DF2419207600FDF9D2 /* Greeting */ = {
			isa = PBXGroup;
			children = (
				AAF834E0241920B200FDF9D2 /* GreetingViewController.swift */,
				AA1B5FDD241BF26E0080443A /* GreetingViewModel.swift */,
				AA1B5FCF241BF2010080443A /* GreetingRouter.swift */,
			);
			path = Greeting;
			sourceTree = "<group>";
		};
		AAF834FE241938A700FDF9D2 /* Messenger */ = {
			isa = PBXGroup;
			children = (
				AA1B40EB2433600100E1D452 /* Extensions */,
				AAF8350C24193C1800FDF9D2 /* MessengerTabBar */,
				AAF83501241938D900FDF9D2 /* Settings */,
				AAF83500241938CF00FDF9D2 /* Contacts */,
				AAF834FF241938BD00FDF9D2 /* Chats */,
			);
			path = Messenger;
			sourceTree = "<group>";
		};
		AAF834FF241938BD00FDF9D2 /* Chats */ = {
			isa = PBXGroup;
			children = (
				3ECF6590243CC7610095A53C /* CellChat */,
				AA1B40C12431D44100E1D452 /* CreateChat */,
				AA487C46241E55F500337FBF /* Dialog */,
				AA487C4D241E56A300337FBF /* ChatsList */,
			);
			path = Chats;
			sourceTree = "<group>";
		};
		AAF83500241938CF00FDF9D2 /* Contacts */ = {
			isa = PBXGroup;
			children = (
				AAF8351524193F7800FDF9D2 /* ContactsViewController.swift */,
				AAF8351724193F8100FDF9D2 /* ContactsViewModel.swift */,
				AA1B5FD9241BF2450080443A /* ContactsRouter.swift */,
			);
			path = Contacts;
			sourceTree = "<group>";
		};
		AAF83501241938D900FDF9D2 /* Settings */ = {
			isa = PBXGroup;
			children = (
				8681657F24472CD100D92626 /* ProfileTableViewCell */,
				AAF8350F24193F5200FDF9D2 /* SettingsViewController.swift */,
				AAF8351124193F5F00FDF9D2 /* SettingsViewModel.swift */,
				AA1B5FD7241BF2390080443A /* SettingsRouter.swift */,
				86CB7AAB242B6C4000995986 /* Profile */,
				864854842455EF0C007EE9E3 /* Language */,
			);
			path = Settings;
			sourceTree = "<group>";
		};
		AAF8350C24193C1800FDF9D2 /* MessengerTabBar */ = {
			isa = PBXGroup;
			children = (
				AAF8350D24193C3600FDF9D2 /* MessengerTabBarController.swift */,
			);
			path = MessengerTabBar;
			sourceTree = "<group>";
		};
		DBA31C2C1F5C448F7E2E69C5 /* Pods */ = {
			isa = PBXGroup;
			children = (
				EAF45A76534CA7D26C32BE2B /* Pods-Messenger.debug.xcconfig */,
				EA214A8D9BCA7FD50BF9F06C /* Pods-Messenger.release.xcconfig */,
			);
			path = Pods;
			sourceTree = "<group>";
		};
/* End PBXGroup section */

/* Begin PBXNativeTarget section */
		867B2F762412585C00B16B01 /* Messenger */ = {
			isa = PBXNativeTarget;
			buildConfigurationList = 867B2F8B2412586000B16B01 /* Build configuration list for PBXNativeTarget "Messenger" */;
			buildPhases = (
				CBA8DD624EA2486A2E863AA1 /* [CP] Check Pods Manifest.lock */,
				867B2F732412585C00B16B01 /* Sources */,
				867B2F742412585C00B16B01 /* Frameworks */,
				867B2F752412585C00B16B01 /* Resources */,
				36F4D6674087AC831D9F4EC3 /* [CP] Copy Pods Resources */,
				1098E6FDF9000622CAC97502 /* [CP] Embed Pods Frameworks */,
			);
			buildRules = (
			);
			dependencies = (
			);
			name = Messenger;
			productName = Messenger;
			productReference = 867B2F772412585C00B16B01 /* Paragram.app */;
			productType = "com.apple.product-type.application";
		};
/* End PBXNativeTarget section */

/* Begin PBXProject section */
		867B2F6F2412585C00B16B01 /* Project object */ = {
			isa = PBXProject;
			attributes = {
				LastSwiftUpdateCheck = 1130;
				LastUpgradeCheck = 1130;
				ORGANIZATIONNAME = "Anastasia Demidova";
				TargetAttributes = {
					867B2F762412585C00B16B01 = {
						CreatedOnToolsVersion = 11.3.1;
					};
				};
			};
			buildConfigurationList = 867B2F722412585C00B16B01 /* Build configuration list for PBXProject "Messenger" */;
			compatibilityVersion = "Xcode 9.3";
			developmentRegion = en;
			hasScannedForEncodings = 0;
			knownRegions = (
				en,
				Base,
			);
			mainGroup = 867B2F6E2412585C00B16B01;
			productRefGroup = 867B2F782412585C00B16B01 /* Products */;
			projectDirPath = "";
			projectRoot = "";
			targets = (
				867B2F762412585C00B16B01 /* Messenger */,
			);
		};
/* End PBXProject section */

/* Begin PBXResourcesBuildPhase section */
		867B2F752412585C00B16B01 /* Resources */ = {
			isa = PBXResourcesBuildPhase;
			buildActionMask = 2147483647;
			files = (
				AAF835042419393700FDF9D2 /* Messenger.storyboard in Resources */,
				867B2F872412586000B16B01 /* LaunchScreen.storyboard in Resources */,
				3E3185D1241C0381000FD0C2 /* GoogleService-Info.plist in Resources */,
				86CB7A7C2427DE0400995986 /* Settings.storyboard in Resources */,
				867B2F842412586000B16B01 /* Assets.xcassets in Resources */,
				3E871EEC2444B06400B00A7C /* ChatCell.xib in Resources */,
				86BD2C29242C1E88000404A3 /* SettingsMedia.xcassets in Resources */,
				3ECF658F243CA0530095A53C /* ChatTableViewCell.xib in Resources */,
				3E7CBF44242A83E6002DAD3F /* Media.xcassets in Resources */,
				867B2F822412585C00B16B01 /* Main.storyboard in Resources */,
				8681658324472CD100D92626 /* ProfileTableViewCell.xib in Resources */,
			);
			runOnlyForDeploymentPostprocessing = 0;
		};
/* End PBXResourcesBuildPhase section */

/* Begin PBXShellScriptBuildPhase section */
		1098E6FDF9000622CAC97502 /* [CP] Embed Pods Frameworks */ = {
			isa = PBXShellScriptBuildPhase;
			buildActionMask = 2147483647;
			files = (
			);
			inputFileListPaths = (
				"${PODS_ROOT}/Target Support Files/Pods-Messenger/Pods-Messenger-frameworks-${CONFIGURATION}-input-files.xcfilelist",
			);
			name = "[CP] Embed Pods Frameworks";
			outputFileListPaths = (
				"${PODS_ROOT}/Target Support Files/Pods-Messenger/Pods-Messenger-frameworks-${CONFIGURATION}-output-files.xcfilelist",
			);
			runOnlyForDeploymentPostprocessing = 0;
			shellPath = /bin/sh;
			shellScript = "\"${PODS_ROOT}/Target Support Files/Pods-Messenger/Pods-Messenger-frameworks.sh\"\n";
			showEnvVarsInLog = 0;
		};
		36F4D6674087AC831D9F4EC3 /* [CP] Copy Pods Resources */ = {
			isa = PBXShellScriptBuildPhase;
			buildActionMask = 2147483647;
			files = (
			);
			inputFileListPaths = (
				"${PODS_ROOT}/Target Support Files/Pods-Messenger/Pods-Messenger-resources-${CONFIGURATION}-input-files.xcfilelist",
			);
			name = "[CP] Copy Pods Resources";
			outputFileListPaths = (
				"${PODS_ROOT}/Target Support Files/Pods-Messenger/Pods-Messenger-resources-${CONFIGURATION}-output-files.xcfilelist",
			);
			runOnlyForDeploymentPostprocessing = 0;
			shellPath = /bin/sh;
			shellScript = "\"${PODS_ROOT}/Target Support Files/Pods-Messenger/Pods-Messenger-resources.sh\"\n";
			showEnvVarsInLog = 0;
		};
		CBA8DD624EA2486A2E863AA1 /* [CP] Check Pods Manifest.lock */ = {
			isa = PBXShellScriptBuildPhase;
			buildActionMask = 2147483647;
			files = (
			);
			inputFileListPaths = (
			);
			inputPaths = (
				"${PODS_PODFILE_DIR_PATH}/Podfile.lock",
				"${PODS_ROOT}/Manifest.lock",
			);
			name = "[CP] Check Pods Manifest.lock";
			outputFileListPaths = (
			);
			outputPaths = (
				"$(DERIVED_FILE_DIR)/Pods-Messenger-checkManifestLockResult.txt",
			);
			runOnlyForDeploymentPostprocessing = 0;
			shellPath = /bin/sh;
			shellScript = "diff \"${PODS_PODFILE_DIR_PATH}/Podfile.lock\" \"${PODS_ROOT}/Manifest.lock\" > /dev/null\nif [ $? != 0 ] ; then\n    # print error to STDERR\n    echo \"error: The sandbox is not in sync with the Podfile.lock. Run 'pod install' or update your CocoaPods installation.\" >&2\n    exit 1\nfi\n# This output is used by Xcode 'outputs' to avoid re-running this script phase.\necho \"SUCCESS\" > \"${SCRIPT_OUTPUT_FILE_0}\"\n";
			showEnvVarsInLog = 0;
		};
/* End PBXShellScriptBuildPhase section */

/* Begin PBXSourcesBuildPhase section */
		867B2F732412585C00B16B01 /* Sources */ = {
			isa = PBXSourcesBuildPhase;
			buildActionMask = 2147483647;
			files = (
				AA1B5FDC241BF24D0080443A /* ChatsRouter.swift in Sources */,
				AAF834F42419295900FDF9D2 /* PasswordRecoveryViewModel.swift in Sources */,
				8648547F2455EE78007EE9E3 /* LanguageViewController.swift in Sources */,
				AA57A490243A470D001EE763 /* ContactsObserverExtension.swift in Sources */,
				AAB3AEFC241B7FCF00825F00 /* CodeConfirmationViewController.swift in Sources */,
				3EBEC40F242A2A5600AF858C /* AuthFirebaseService.swift in Sources */,
				AA57A48C243A0E23001EE763 /* DateExtensions.swift in Sources */,
				AA1B40C32431D48800E1D452 /* CreateChatViewController.swift in Sources */,
				AA5AD8382440BE04009CF15A /* SnapshotDecoder.swift in Sources */,
				AAF834EA2419229D00FDF9D2 /* SignUpViewController.swift in Sources */,
				863D4C2C245497AD00B3FD89 /* UISearchBar+Extension.swift in Sources */,
				AAB3AEF8241B7FAB00825F00 /* NewPasswordViewController.swift in Sources */,
				AAF8350E24193C3600FDF9D2 /* MessengerTabBarController.swift in Sources */,
				3E78E71524222A700053DD1C /* Utilities.swift in Sources */,
				AAF8351C24193F9200FDF9D2 /* ChatsViewController.swift in Sources */,
				AA1B5FCA241BF1D00080443A /* CreatePasswordRouter.swift in Sources */,
				8681657324466F2700D92626 /* UIImageView+Extension.swift in Sources */,
				AA64DE0F241B694400ED2C63 /* NetworkService.swift in Sources */,
				8625597424527350009B849C /* UIButton+Extension.swift in Sources */,
				AA1B5FD6241BF2250080443A /* CodeConfirmationRouter.swift in Sources */,
				86BA53742453F54D00CA4329 /* UIView+Extension.swift in Sources */,
				3E6BD3D3241FD70800CA6780 /* FirebaseService.swift in Sources */,
				3EA8B18E2434AA48001B4207 /* ExtensionsStoryboard.swift in Sources */,
				AA1B40C72431D4A100E1D452 /* CreateChatRouter.swift in Sources */,
				868165752446812000D92626 /* UISearchController+Extension.swift in Sources */,
				AA487C4A241E561600337FBF /* DialogViewModel.swift in Sources */,
				3EE90AC7243DE219009E0759 /* ImagePicker.swift in Sources */,
				AA487C48241E560900337FBF /* DialogViewController.swift in Sources */,
				86CB7AA8242B6C0F00995986 /* ProfileViewModel.swift in Sources */,
				3E78E7132422218F0053DD1C /* ExtensionAuth.swift in Sources */,
				AA1B5FC6241BF0DE0080443A /* SignInRouter.swift in Sources */,
				AA64DE12241B698D00ED2C63 /* StorageService.swift in Sources */,
				AA1B40F9243361E000E1D452 /* ChatInfoTransferExtension.swift in Sources */,
				AA1B40C52431D49400E1D452 /* CreateChatViewModel.swift in Sources */,
				AAF8351824193F8100FDF9D2 /* ContactsViewModel.swift in Sources */,
				AAB3AF0C241B843900825F00 /* RegistrationCodeConfirmationViewController.swift in Sources */,
				3EE90AC3243DDCEA009E0759 /* TableViewRegister.swift in Sources */,
				AA1B5FD2241BF20F0080443A /* PasswordRecoveryRouter.swift in Sources */,
				AAF8351624193F7800FDF9D2 /* ContactsViewController.swift in Sources */,
				3E50F191244634F900B34F8F /* ManagerActivityIndicator.swift in Sources */,
				AAB3AEFE241B7FDC00825F00 /* CodeConfirmationViewModel.swift in Sources */,
				8681658224472CD100D92626 /* ProfileTableViewCell.swift in Sources */,
				AAB3AF0A241B842A00825F00 /* CreatePasswordViewModel.swift in Sources */,
				AA1B40F72433615B00E1D452 /* DialogKeyBoardObserverExtension.swift in Sources */,
				86CB7AAA242B6C2C00995986 /* ProfileRouter.swift in Sources */,
				AA1B40F5243360F800E1D452 /* ChatListTableViewExtension.swift in Sources */,
				AA57A48E243A1452001EE763 /* MessagesObserverExtensions.swift in Sources */,
				3EB574FD2455802000E44603 /* ExtensionSizeScreen.swift in Sources */,
				AA1B5FC8241BF1C30080443A /* RegistrationCodeConfirmationRouter.swift in Sources */,
				AA1B5FD0241BF2010080443A /* GreetingRouter.swift in Sources */,
				AA1B5FDA241BF2450080443A /* ContactsRouter.swift in Sources */,
				AAF8351E24193F9E00FDF9D2 /* ChatsViewModel.swift in Sources */,
				AA1B5FD8241BF2390080443A /* SettingsRouter.swift in Sources */,
				AA1B5FDE241BF26E0080443A /* GreetingViewModel.swift in Sources */,
				AA1B40EA2432AC5F00E1D452 /* MessangerModels.swift in Sources */,
				AAF834F82419297500FDF9D2 /* SignInViewModel.swift in Sources */,
				86816577244682A400D92626 /* UITextField+Extension.swift in Sources */,
				86CB7AA6242B6BEF00995986 /* ProfileViewController.swift in Sources */,
				864854812455EEC7007EE9E3 /* LanguageViewModel.swift in Sources */,
				AA487C4C241E563900337FBF /* DialogRouter.swift in Sources */,
				AA1B40EF2433607200E1D452 /* DialogCollectionViewExtension.swift in Sources */,
				864854832455EEEE007EE9E3 /* LanguageRouter.swift in Sources */,
				3E871EEB2444B06400B00A7C /* ChatCell.swift in Sources */,
				AAF834F02419258100FDF9D2 /* PasswordRecoveryViewController.swift in Sources */,
				3E1B54C02450575400804E4E /* TimerManager.swift in Sources */,
				AAF8351024193F5200FDF9D2 /* SettingsViewController.swift in Sources */,
				AA1B5FD4241BF21B0080443A /* NewPasswordRouter.swift in Sources */,
				AAF194BF24310E1D00BB81BE /* MessageCollectionViewCell.swift in Sources */,
				3EE90AC5243DDF2F009E0759 /* ClassNameExtension.swift in Sources */,
				AA1B40F3243360EB00E1D452 /* ChatListSearchBarExtension.swift in Sources */,
				867B2F7B2412585C00B16B01 /* AppDelegate.swift in Sources */,
				AAB3AEFA241B7FB700825F00 /* NewPasswordViewModel.swift in Sources */,
				AAF834E1241920B200FDF9D2 /* GreetingViewController.swift in Sources */,
				AAB3AF08241B842100825F00 /* CreatePasswordViewController.swift in Sources */,
				AA1B5FCE241BF1F00080443A /* SignUpRouter.swift in Sources */,
				AA57A492243A5B28001EE763 /* ChatsObserverExtension.swift in Sources */,
				AAF834E62419228100FDF9D2 /* SignInViewController.swift in Sources */,
				AA1B5FE1241BF3830080443A /* BaseRouter.swift in Sources */,
				AAF834F62419296800FDF9D2 /* SignUpViewModel.swift in Sources */,
				3E1B54BE244F549A00804E4E /* StatusUsersFirebaseExtensions.swift in Sources */,
				AAB3AF0E241B844000825F00 /* RegistrationCodeConfirmationViewModel.swift in Sources */,
				3ECF658E243CA0530095A53C /* ChatTableViewCell.swift in Sources */,
				AA64DE14241B72B600ED2C63 /* Reachability.swift in Sources */,
				860A8FCB244281600070D8D5 /* UserSettings.swift in Sources */,
				AAF8351224193F5F00FDF9D2 /* SettingsViewModel.swift in Sources */,
			);
			runOnlyForDeploymentPostprocessing = 0;
		};
/* End PBXSourcesBuildPhase section */

/* Begin PBXVariantGroup section */
		867B2F802412585C00B16B01 /* Main.storyboard */ = {
			isa = PBXVariantGroup;
			children = (
				867B2F812412585C00B16B01 /* Base */,
			);
			name = Main.storyboard;
			sourceTree = "<group>";
		};
		867B2F852412586000B16B01 /* LaunchScreen.storyboard */ = {
			isa = PBXVariantGroup;
			children = (
				867B2F862412586000B16B01 /* Base */,
			);
			name = LaunchScreen.storyboard;
			sourceTree = "<group>";
		};
/* End PBXVariantGroup section */

/* Begin XCBuildConfiguration section */
		867B2F892412586000B16B01 /* Debug */ = {
			isa = XCBuildConfiguration;
			buildSettings = {
				ALWAYS_SEARCH_USER_PATHS = NO;
				CLANG_ANALYZER_NONNULL = YES;
				CLANG_ANALYZER_NUMBER_OBJECT_CONVERSION = YES_AGGRESSIVE;
				CLANG_CXX_LANGUAGE_STANDARD = "gnu++14";
				CLANG_CXX_LIBRARY = "libc++";
				CLANG_ENABLE_MODULES = YES;
				CLANG_ENABLE_OBJC_ARC = YES;
				CLANG_ENABLE_OBJC_WEAK = YES;
				CLANG_WARN_BLOCK_CAPTURE_AUTORELEASING = YES;
				CLANG_WARN_BOOL_CONVERSION = YES;
				CLANG_WARN_COMMA = YES;
				CLANG_WARN_CONSTANT_CONVERSION = YES;
				CLANG_WARN_DEPRECATED_OBJC_IMPLEMENTATIONS = YES;
				CLANG_WARN_DIRECT_OBJC_ISA_USAGE = YES_ERROR;
				CLANG_WARN_DOCUMENTATION_COMMENTS = YES;
				CLANG_WARN_EMPTY_BODY = YES;
				CLANG_WARN_ENUM_CONVERSION = YES;
				CLANG_WARN_INFINITE_RECURSION = YES;
				CLANG_WARN_INT_CONVERSION = YES;
				CLANG_WARN_NON_LITERAL_NULL_CONVERSION = YES;
				CLANG_WARN_OBJC_IMPLICIT_RETAIN_SELF = YES;
				CLANG_WARN_OBJC_LITERAL_CONVERSION = YES;
				CLANG_WARN_OBJC_ROOT_CLASS = YES_ERROR;
				CLANG_WARN_RANGE_LOOP_ANALYSIS = YES;
				CLANG_WARN_STRICT_PROTOTYPES = YES;
				CLANG_WARN_SUSPICIOUS_MOVE = YES;
				CLANG_WARN_UNGUARDED_AVAILABILITY = YES_AGGRESSIVE;
				CLANG_WARN_UNREACHABLE_CODE = YES;
				CLANG_WARN__DUPLICATE_METHOD_MATCH = YES;
				COPY_PHASE_STRIP = NO;
				DEBUG_INFORMATION_FORMAT = dwarf;
				ENABLE_STRICT_OBJC_MSGSEND = YES;
				ENABLE_TESTABILITY = YES;
				GCC_C_LANGUAGE_STANDARD = gnu11;
				GCC_DYNAMIC_NO_PIC = NO;
				GCC_NO_COMMON_BLOCKS = YES;
				GCC_OPTIMIZATION_LEVEL = 0;
				GCC_PREPROCESSOR_DEFINITIONS = (
					"DEBUG=1",
					"$(inherited)",
				);
				GCC_WARN_64_TO_32_BIT_CONVERSION = YES;
				GCC_WARN_ABOUT_RETURN_TYPE = YES_ERROR;
				GCC_WARN_UNDECLARED_SELECTOR = YES;
				GCC_WARN_UNINITIALIZED_AUTOS = YES_AGGRESSIVE;
				GCC_WARN_UNUSED_FUNCTION = YES;
				GCC_WARN_UNUSED_VARIABLE = YES;
				IPHONEOS_DEPLOYMENT_TARGET = 13.2;
				MTL_ENABLE_DEBUG_INFO = INCLUDE_SOURCE;
				MTL_FAST_MATH = YES;
				ONLY_ACTIVE_ARCH = YES;
				SDKROOT = iphoneos;
				SWIFT_ACTIVE_COMPILATION_CONDITIONS = DEBUG;
				SWIFT_OPTIMIZATION_LEVEL = "-Onone";
			};
			name = Debug;
		};
		867B2F8A2412586000B16B01 /* Release */ = {
			isa = XCBuildConfiguration;
			buildSettings = {
				ALWAYS_SEARCH_USER_PATHS = NO;
				CLANG_ANALYZER_NONNULL = YES;
				CLANG_ANALYZER_NUMBER_OBJECT_CONVERSION = YES_AGGRESSIVE;
				CLANG_CXX_LANGUAGE_STANDARD = "gnu++14";
				CLANG_CXX_LIBRARY = "libc++";
				CLANG_ENABLE_MODULES = YES;
				CLANG_ENABLE_OBJC_ARC = YES;
				CLANG_ENABLE_OBJC_WEAK = YES;
				CLANG_WARN_BLOCK_CAPTURE_AUTORELEASING = YES;
				CLANG_WARN_BOOL_CONVERSION = YES;
				CLANG_WARN_COMMA = YES;
				CLANG_WARN_CONSTANT_CONVERSION = YES;
				CLANG_WARN_DEPRECATED_OBJC_IMPLEMENTATIONS = YES;
				CLANG_WARN_DIRECT_OBJC_ISA_USAGE = YES_ERROR;
				CLANG_WARN_DOCUMENTATION_COMMENTS = YES;
				CLANG_WARN_EMPTY_BODY = YES;
				CLANG_WARN_ENUM_CONVERSION = YES;
				CLANG_WARN_INFINITE_RECURSION = YES;
				CLANG_WARN_INT_CONVERSION = YES;
				CLANG_WARN_NON_LITERAL_NULL_CONVERSION = YES;
				CLANG_WARN_OBJC_IMPLICIT_RETAIN_SELF = YES;
				CLANG_WARN_OBJC_LITERAL_CONVERSION = YES;
				CLANG_WARN_OBJC_ROOT_CLASS = YES_ERROR;
				CLANG_WARN_RANGE_LOOP_ANALYSIS = YES;
				CLANG_WARN_STRICT_PROTOTYPES = YES;
				CLANG_WARN_SUSPICIOUS_MOVE = YES;
				CLANG_WARN_UNGUARDED_AVAILABILITY = YES_AGGRESSIVE;
				CLANG_WARN_UNREACHABLE_CODE = YES;
				CLANG_WARN__DUPLICATE_METHOD_MATCH = YES;
				COPY_PHASE_STRIP = NO;
				DEBUG_INFORMATION_FORMAT = "dwarf-with-dsym";
				ENABLE_NS_ASSERTIONS = NO;
				ENABLE_STRICT_OBJC_MSGSEND = YES;
				GCC_C_LANGUAGE_STANDARD = gnu11;
				GCC_NO_COMMON_BLOCKS = YES;
				GCC_WARN_64_TO_32_BIT_CONVERSION = YES;
				GCC_WARN_ABOUT_RETURN_TYPE = YES_ERROR;
				GCC_WARN_UNDECLARED_SELECTOR = YES;
				GCC_WARN_UNINITIALIZED_AUTOS = YES_AGGRESSIVE;
				GCC_WARN_UNUSED_FUNCTION = YES;
				GCC_WARN_UNUSED_VARIABLE = YES;
				IPHONEOS_DEPLOYMENT_TARGET = 13.2;
				MTL_ENABLE_DEBUG_INFO = NO;
				MTL_FAST_MATH = YES;
				SDKROOT = iphoneos;
				SWIFT_COMPILATION_MODE = wholemodule;
				SWIFT_OPTIMIZATION_LEVEL = "-O";
				VALIDATE_PRODUCT = YES;
			};
			name = Release;
		};
		867B2F8C2412586000B16B01 /* Debug */ = {
			isa = XCBuildConfiguration;
			baseConfigurationReference = EAF45A76534CA7D26C32BE2B /* Pods-Messenger.debug.xcconfig */;
			buildSettings = {
				ASSETCATALOG_COMPILER_APPICON_NAME = AppIcon;
				CODE_SIGN_ENTITLEMENTS = Messenger/Messenger.entitlements;
				CODE_SIGN_STYLE = Automatic;
				DEVELOPMENT_TEAM = H5C9369377;
				INFOPLIST_FILE = Messenger/Info.plist;
				IPHONEOS_DEPLOYMENT_TARGET = 12.4;
				LD_RUNPATH_SEARCH_PATHS = (
					"$(inherited)",
					"@executable_path/Frameworks",
				);
				PRODUCT_BUNDLE_IDENTIFIER = "Anastasia-Demidova.Messengerr";
				PRODUCT_NAME = Paragram;
				SWIFT_VERSION = 5.0;
				TARGETED_DEVICE_FAMILY = 1;
			};
			name = Debug;
		};
		867B2F8D2412586000B16B01 /* Release */ = {
			isa = XCBuildConfiguration;
			baseConfigurationReference = EA214A8D9BCA7FD50BF9F06C /* Pods-Messenger.release.xcconfig */;
			buildSettings = {
				ASSETCATALOG_COMPILER_APPICON_NAME = AppIcon;
				CODE_SIGN_ENTITLEMENTS = Messenger/Messenger.entitlements;
				CODE_SIGN_IDENTITY = "Apple Development";
				CODE_SIGN_STYLE = Automatic;
				DEVELOPMENT_TEAM = H5C9369377;
				INFOPLIST_FILE = Messenger/Info.plist;
				IPHONEOS_DEPLOYMENT_TARGET = 12.4;
				LD_RUNPATH_SEARCH_PATHS = (
					"$(inherited)",
					"@executable_path/Frameworks",
				);
				PRODUCT_BUNDLE_IDENTIFIER = "Anastasia-Demidova.Messengerr";
				PRODUCT_NAME = Paragram;
				PROVISIONING_PROFILE_SPECIFIER = "";
				SWIFT_VERSION = 5.0;
				TARGETED_DEVICE_FAMILY = 1;
			};
			name = Release;
		};
/* End XCBuildConfiguration section */

/* Begin XCConfigurationList section */
		867B2F722412585C00B16B01 /* Build configuration list for PBXProject "Messenger" */ = {
			isa = XCConfigurationList;
			buildConfigurations = (
				867B2F892412586000B16B01 /* Debug */,
				867B2F8A2412586000B16B01 /* Release */,
			);
			defaultConfigurationIsVisible = 0;
			defaultConfigurationName = Release;
		};
		867B2F8B2412586000B16B01 /* Build configuration list for PBXNativeTarget "Messenger" */ = {
			isa = XCConfigurationList;
			buildConfigurations = (
				867B2F8C2412586000B16B01 /* Debug */,
				867B2F8D2412586000B16B01 /* Release */,
			);
			defaultConfigurationIsVisible = 0;
			defaultConfigurationName = Release;
		};
/* End XCConfigurationList section */
	};
	rootObject = 867B2F6F2412585C00B16B01 /* Project object */;
}
