// !$*UTF8*$!
{
	archiveVersion = 1;
	classes = {
	};
	objectVersion = 50;
	objects = {

/* Begin PBXBuildFile section */
		867B2F7B2412585C00B16B01 /* AppDelegate.swift in Sources */ = {isa = PBXBuildFile; fileRef = 867B2F7A2412585C00B16B01 /* AppDelegate.swift */; };
		867B2F822412585C00B16B01 /* Main.storyboard in Resources */ = {isa = PBXBuildFile; fileRef = 867B2F802412585C00B16B01 /* Main.storyboard */; };
		867B2F842412586000B16B01 /* Assets.xcassets in Resources */ = {isa = PBXBuildFile; fileRef = 867B2F832412586000B16B01 /* Assets.xcassets */; };
		867B2F872412586000B16B01 /* LaunchScreen.storyboard in Resources */ = {isa = PBXBuildFile; fileRef = 867B2F852412586000B16B01 /* LaunchScreen.storyboard */; };
		AAC0BC58241AB2B9008DFFFF /* MessengerRouter.swift in Sources */ = {isa = PBXBuildFile; fileRef = AAC0BC57241AB2B9008DFFFF /* MessengerRouter.swift */; };
		AAC0BC5A241AB3BC008DFFFF /* LoginRouter.swift in Sources */ = {isa = PBXBuildFile; fileRef = AAC0BC59241AB3BC008DFFFF /* LoginRouter.swift */; };
		AAF834E1241920B200FDF9D2 /* GreetingViewController.swift in Sources */ = {isa = PBXBuildFile; fileRef = AAF834E0241920B200FDF9D2 /* GreetingViewController.swift */; };
		AAF834E62419228100FDF9D2 /* SignInViewController.swift in Sources */ = {isa = PBXBuildFile; fileRef = AAF834E52419228100FDF9D2 /* SignInViewController.swift */; };
		AAF834EA2419229D00FDF9D2 /* SignUpViewController.swift in Sources */ = {isa = PBXBuildFile; fileRef = AAF834E92419229D00FDF9D2 /* SignUpViewController.swift */; };
		AAF834F02419258100FDF9D2 /* PasswordRecoveryViewController.swift in Sources */ = {isa = PBXBuildFile; fileRef = AAF834EF2419258100FDF9D2 /* PasswordRecoveryViewController.swift */; };
		AAF834F42419295900FDF9D2 /* PasswordRecoveryViewModel.swift in Sources */ = {isa = PBXBuildFile; fileRef = AAF834F32419295900FDF9D2 /* PasswordRecoveryViewModel.swift */; };
		AAF834F62419296800FDF9D2 /* SignUpViewModel.swift in Sources */ = {isa = PBXBuildFile; fileRef = AAF834F52419296800FDF9D2 /* SignUpViewModel.swift */; };
		AAF834F82419297500FDF9D2 /* SignInViewModel.swift in Sources */ = {isa = PBXBuildFile; fileRef = AAF834F72419297500FDF9D2 /* SignInViewModel.swift */; };
		AAF835042419393700FDF9D2 /* Messenger.storyboard in Resources */ = {isa = PBXBuildFile; fileRef = AAF835032419393700FDF9D2 /* Messenger.storyboard */; };
		AAF8350E24193C3600FDF9D2 /* MessengerTabBarController.swift in Sources */ = {isa = PBXBuildFile; fileRef = AAF8350D24193C3600FDF9D2 /* MessengerTabBarController.swift */; };
		AAF8351024193F5200FDF9D2 /* SettingsViewController.swift in Sources */ = {isa = PBXBuildFile; fileRef = AAF8350F24193F5200FDF9D2 /* SettingsViewController.swift */; };
		AAF8351224193F5F00FDF9D2 /* SettingsViewModel.swift in Sources */ = {isa = PBXBuildFile; fileRef = AAF8351124193F5F00FDF9D2 /* SettingsViewModel.swift */; };
		AAF8351624193F7800FDF9D2 /* ContactsViewController.swift in Sources */ = {isa = PBXBuildFile; fileRef = AAF8351524193F7800FDF9D2 /* ContactsViewController.swift */; };
		AAF8351824193F8100FDF9D2 /* ContactsViewModel.swift in Sources */ = {isa = PBXBuildFile; fileRef = AAF8351724193F8100FDF9D2 /* ContactsViewModel.swift */; };
		AAF8351C24193F9200FDF9D2 /* ChatsViewController.swift in Sources */ = {isa = PBXBuildFile; fileRef = AAF8351B24193F9200FDF9D2 /* ChatsViewController.swift */; };
		AAF8351E24193F9E00FDF9D2 /* ChatsViewModel.swift in Sources */ = {isa = PBXBuildFile; fileRef = AAF8351D24193F9E00FDF9D2 /* ChatsViewModel.swift */; };
/* End PBXBuildFile section */

/* Begin PBXFileReference section */
		867B2F772412585C00B16B01 /* Messenger.app */ = {isa = PBXFileReference; explicitFileType = wrapper.application; includeInIndex = 0; path = Messenger.app; sourceTree = BUILT_PRODUCTS_DIR; };
		867B2F7A2412585C00B16B01 /* AppDelegate.swift */ = {isa = PBXFileReference; lastKnownFileType = sourcecode.swift; path = AppDelegate.swift; sourceTree = "<group>"; };
		867B2F812412585C00B16B01 /* Base */ = {isa = PBXFileReference; lastKnownFileType = file.storyboard; name = Base; path = Base.lproj/Main.storyboard; sourceTree = "<group>"; };
		867B2F832412586000B16B01 /* Assets.xcassets */ = {isa = PBXFileReference; lastKnownFileType = folder.assetcatalog; path = Assets.xcassets; sourceTree = "<group>"; };
		867B2F862412586000B16B01 /* Base */ = {isa = PBXFileReference; lastKnownFileType = file.storyboard; name = Base; path = Base.lproj/LaunchScreen.storyboard; sourceTree = "<group>"; };
		867B2F882412586000B16B01 /* Info.plist */ = {isa = PBXFileReference; lastKnownFileType = text.plist.xml; path = Info.plist; sourceTree = "<group>"; };
		AAC0BC57241AB2B9008DFFFF /* MessengerRouter.swift */ = {isa = PBXFileReference; lastKnownFileType = sourcecode.swift; path = MessengerRouter.swift; sourceTree = "<group>"; };
		AAC0BC59241AB3BC008DFFFF /* LoginRouter.swift */ = {isa = PBXFileReference; lastKnownFileType = sourcecode.swift; path = LoginRouter.swift; sourceTree = "<group>"; };
		AAF834E0241920B200FDF9D2 /* GreetingViewController.swift */ = {isa = PBXFileReference; lastKnownFileType = sourcecode.swift; path = GreetingViewController.swift; sourceTree = "<group>"; };
		AAF834E52419228100FDF9D2 /* SignInViewController.swift */ = {isa = PBXFileReference; lastKnownFileType = sourcecode.swift; path = SignInViewController.swift; sourceTree = "<group>"; };
		AAF834E92419229D00FDF9D2 /* SignUpViewController.swift */ = {isa = PBXFileReference; lastKnownFileType = sourcecode.swift; path = SignUpViewController.swift; sourceTree = "<group>"; };
		AAF834EF2419258100FDF9D2 /* PasswordRecoveryViewController.swift */ = {isa = PBXFileReference; lastKnownFileType = sourcecode.swift; path = PasswordRecoveryViewController.swift; sourceTree = "<group>"; };
		AAF834F32419295900FDF9D2 /* PasswordRecoveryViewModel.swift */ = {isa = PBXFileReference; lastKnownFileType = sourcecode.swift; path = PasswordRecoveryViewModel.swift; sourceTree = "<group>"; };
		AAF834F52419296800FDF9D2 /* SignUpViewModel.swift */ = {isa = PBXFileReference; lastKnownFileType = sourcecode.swift; path = SignUpViewModel.swift; sourceTree = "<group>"; };
		AAF834F72419297500FDF9D2 /* SignInViewModel.swift */ = {isa = PBXFileReference; lastKnownFileType = sourcecode.swift; path = SignInViewModel.swift; sourceTree = "<group>"; };
		AAF835032419393700FDF9D2 /* Messenger.storyboard */ = {isa = PBXFileReference; lastKnownFileType = file.storyboard; path = Messenger.storyboard; sourceTree = "<group>"; };
		AAF8350D24193C3600FDF9D2 /* MessengerTabBarController.swift */ = {isa = PBXFileReference; lastKnownFileType = sourcecode.swift; path = MessengerTabBarController.swift; sourceTree = "<group>"; };
		AAF8350F24193F5200FDF9D2 /* SettingsViewController.swift */ = {isa = PBXFileReference; lastKnownFileType = sourcecode.swift; path = SettingsViewController.swift; sourceTree = "<group>"; };
		AAF8351124193F5F00FDF9D2 /* SettingsViewModel.swift */ = {isa = PBXFileReference; lastKnownFileType = sourcecode.swift; path = SettingsViewModel.swift; sourceTree = "<group>"; };
		AAF8351524193F7800FDF9D2 /* ContactsViewController.swift */ = {isa = PBXFileReference; lastKnownFileType = sourcecode.swift; path = ContactsViewController.swift; sourceTree = "<group>"; };
		AAF8351724193F8100FDF9D2 /* ContactsViewModel.swift */ = {isa = PBXFileReference; lastKnownFileType = sourcecode.swift; path = ContactsViewModel.swift; sourceTree = "<group>"; };
		AAF8351B24193F9200FDF9D2 /* ChatsViewController.swift */ = {isa = PBXFileReference; lastKnownFileType = sourcecode.swift; path = ChatsViewController.swift; sourceTree = "<group>"; };
		AAF8351D24193F9E00FDF9D2 /* ChatsViewModel.swift */ = {isa = PBXFileReference; lastKnownFileType = sourcecode.swift; path = ChatsViewModel.swift; sourceTree = "<group>"; };
/* End PBXFileReference section */

/* Begin PBXFrameworksBuildPhase section */
		867B2F742412585C00B16B01 /* Frameworks */ = {
			isa = PBXFrameworksBuildPhase;
			buildActionMask = 2147483647;
			files = (
			);
			runOnlyForDeploymentPostprocessing = 0;
		};
/* End PBXFrameworksBuildPhase section */

/* Begin PBXGroup section */
		867B2F6E2412585C00B16B01 = {
			isa = PBXGroup;
			children = (
				867B2F792412585C00B16B01 /* Messenger */,
				867B2F782412585C00B16B01 /* Products */,
			);
			sourceTree = "<group>";
		};
		867B2F782412585C00B16B01 /* Products */ = {
			isa = PBXGroup;
			children = (
				867B2F772412585C00B16B01 /* Messenger.app */,
			);
			name = Products;
			sourceTree = "<group>";
		};
		867B2F792412585C00B16B01 /* Messenger */ = {
			isa = PBXGroup;
			children = (
				AAF834A52418FA5900FDF9D2 /* Scenes */,
				AAF834A72418FA8700FDF9D2 /* Servicies */,
				AAF834A62418FA7700FDF9D2 /* Utilities */,
				AAF834A42418FA4400FDF9D2 /* Storyboards */,
				AAF834A82418FB5000FDF9D2 /* Resources */,
				867B2F7A2412585C00B16B01 /* AppDelegate.swift */,
				867B2F882412586000B16B01 /* Info.plist */,
			);
			path = Messenger;
			sourceTree = "<group>";
		};
		AAF834A42418FA4400FDF9D2 /* Storyboards */ = {
			isa = PBXGroup;
			children = (
				867B2F802412585C00B16B01 /* Main.storyboard */,
				AAF835032419393700FDF9D2 /* Messenger.storyboard */,
				867B2F852412586000B16B01 /* LaunchScreen.storyboard */,
			);
			path = Storyboards;
			sourceTree = "<group>";
		};
		AAF834A52418FA5900FDF9D2 /* Scenes */ = {
			isa = PBXGroup;
			children = (
				AAF834FE241938A700FDF9D2 /* Messenger */,
				AAF834A92418FC7700FDF9D2 /* Login */,
			);
			path = Scenes;
			sourceTree = "<group>";
		};
		AAF834A62418FA7700FDF9D2 /* Utilities */ = {
			isa = PBXGroup;
			children = (
			);
			path = Utilities;
			sourceTree = "<group>";
		};
		AAF834A72418FA8700FDF9D2 /* Servicies */ = {
			isa = PBXGroup;
			children = (
			);
			path = Servicies;
			sourceTree = "<group>";
		};
		AAF834A82418FB5000FDF9D2 /* Resources */ = {
			isa = PBXGroup;
			children = (
				867B2F832412586000B16B01 /* Assets.xcassets */,
			);
			path = Resources;
			sourceTree = "<group>";
		};
		AAF834A92418FC7700FDF9D2 /* Login */ = {
			isa = PBXGroup;
			children = (
				AAF834DF2419207600FDF9D2 /* Greeting */,
				AAF834AC2418FCC100FDF9D2 /* PasswordRecovery */,
				AAF834AB2418FCA700FDF9D2 /* SignUp */,
				AAF834AA2418FC9E00FDF9D2 /* SignIn */,
				AAC0BC59241AB3BC008DFFFF /* LoginRouter.swift */,
			);
			path = Login;
			sourceTree = "<group>";
		};
		AAF834AA2418FC9E00FDF9D2 /* SignIn */ = {
			isa = PBXGroup;
			children = (
				AAF834E52419228100FDF9D2 /* SignInViewController.swift */,
				AAF834F72419297500FDF9D2 /* SignInViewModel.swift */,
			);
			path = SignIn;
			sourceTree = "<group>";
		};
		AAF834AB2418FCA700FDF9D2 /* SignUp */ = {
			isa = PBXGroup;
			children = (
				AAF834E92419229D00FDF9D2 /* SignUpViewController.swift */,
				AAF834F52419296800FDF9D2 /* SignUpViewModel.swift */,
			);
			path = SignUp;
			sourceTree = "<group>";
		};
		AAF834AC2418FCC100FDF9D2 /* PasswordRecovery */ = {
			isa = PBXGroup;
			children = (
				AAF834EF2419258100FDF9D2 /* PasswordRecoveryViewController.swift */,
				AAF834F32419295900FDF9D2 /* PasswordRecoveryViewModel.swift */,
			);
			path = PasswordRecovery;
			sourceTree = "<group>";
		};
		AAF834DF2419207600FDF9D2 /* Greeting */ = {
			isa = PBXGroup;
			children = (
				AAF834E0241920B200FDF9D2 /* GreetingViewController.swift */,
			);
			path = Greeting;
			sourceTree = "<group>";
		};
		AAF834FE241938A700FDF9D2 /* Messenger */ = {
			isa = PBXGroup;
			children = (
				AAF8350C24193C1800FDF9D2 /* MessengerTabBar */,
				AAF83501241938D900FDF9D2 /* Settings */,
				AAF83500241938CF00FDF9D2 /* Contacts */,
				AAF834FF241938BD00FDF9D2 /* Chats */,
				AAC0BC57241AB2B9008DFFFF /* MessengerRouter.swift */,
			);
			path = Messenger;
			sourceTree = "<group>";
		};
		AAF834FF241938BD00FDF9D2 /* Chats */ = {
			isa = PBXGroup;
			children = (
				AAF8351B24193F9200FDF9D2 /* ChatsViewController.swift */,
				AAF8351D24193F9E00FDF9D2 /* ChatsViewModel.swift */,
			);
			path = Chats;
			sourceTree = "<group>";
		};
		AAF83500241938CF00FDF9D2 /* Contacts */ = {
			isa = PBXGroup;
			children = (
				AAF8351524193F7800FDF9D2 /* ContactsViewController.swift */,
				AAF8351724193F8100FDF9D2 /* ContactsViewModel.swift */,
			);
			path = Contacts;
			sourceTree = "<group>";
		};
		AAF83501241938D900FDF9D2 /* Settings */ = {
			isa = PBXGroup;
			children = (
				AAF8350F24193F5200FDF9D2 /* SettingsViewController.swift */,
				AAF8351124193F5F00FDF9D2 /* SettingsViewModel.swift */,
			);
			path = Settings;
			sourceTree = "<group>";
		};
		AAF8350C24193C1800FDF9D2 /* MessengerTabBar */ = {
			isa = PBXGroup;
			children = (
				AAF8350D24193C3600FDF9D2 /* MessengerTabBarController.swift */,
			);
			path = MessengerTabBar;
			sourceTree = "<group>";
		};
/* End PBXGroup section */

/* Begin PBXNativeTarget section */
		867B2F762412585C00B16B01 /* Messenger */ = {
			isa = PBXNativeTarget;
			buildConfigurationList = 867B2F8B2412586000B16B01 /* Build configuration list for PBXNativeTarget "Messenger" */;
			buildPhases = (
				867B2F732412585C00B16B01 /* Sources */,
				867B2F742412585C00B16B01 /* Frameworks */,
				867B2F752412585C00B16B01 /* Resources */,
			);
			buildRules = (
			);
			dependencies = (
			);
			name = Messenger;
			productName = Messenger;
			productReference = 867B2F772412585C00B16B01 /* Messenger.app */;
			productType = "com.apple.product-type.application";
		};
/* End PBXNativeTarget section */

/* Begin PBXProject section */
		867B2F6F2412585C00B16B01 /* Project object */ = {
			isa = PBXProject;
			attributes = {
				LastSwiftUpdateCheck = 1130;
				LastUpgradeCheck = 1130;
				ORGANIZATIONNAME = "Anastasia Demidova";
				TargetAttributes = {
					867B2F762412585C00B16B01 = {
						CreatedOnToolsVersion = 11.3.1;
					};
				};
			};
			buildConfigurationList = 867B2F722412585C00B16B01 /* Build configuration list for PBXProject "Messenger" */;
			compatibilityVersion = "Xcode 9.3";
			developmentRegion = en;
			hasScannedForEncodings = 0;
			knownRegions = (
				en,
				Base,
			);
			mainGroup = 867B2F6E2412585C00B16B01;
			productRefGroup = 867B2F782412585C00B16B01 /* Products */;
			projectDirPath = "";
			projectRoot = "";
			targets = (
				867B2F762412585C00B16B01 /* Messenger */,
			);
		};
/* End PBXProject section */

/* Begin PBXResourcesBuildPhase section */
		867B2F752412585C00B16B01 /* Resources */ = {
			isa = PBXResourcesBuildPhase;
			buildActionMask = 2147483647;
			files = (
				AAF835042419393700FDF9D2 /* Messenger.storyboard in Resources */,
				867B2F872412586000B16B01 /* LaunchScreen.storyboard in Resources */,
				867B2F842412586000B16B01 /* Assets.xcassets in Resources */,
				867B2F822412585C00B16B01 /* Main.storyboard in Resources */,
			);
			runOnlyForDeploymentPostprocessing = 0;
		};
/* End PBXResourcesBuildPhase section */

/* Begin PBXSourcesBuildPhase section */
		867B2F732412585C00B16B01 /* Sources */ = {
			isa = PBXSourcesBuildPhase;
			buildActionMask = 2147483647;
			files = (
				AAF834F42419295900FDF9D2 /* PasswordRecoveryViewModel.swift in Sources */,
				AAF834EA2419229D00FDF9D2 /* SignUpViewController.swift in Sources */,
				AAF8350E24193C3600FDF9D2 /* MessengerTabBarController.swift in Sources */,
				AAF8351C24193F9200FDF9D2 /* ChatsViewController.swift in Sources */,
				AAF8351824193F8100FDF9D2 /* ContactsViewModel.swift in Sources */,
				AAF8351624193F7800FDF9D2 /* ContactsViewController.swift in Sources */,
				AAC0BC5A241AB3BC008DFFFF /* LoginRouter.swift in Sources */,
				AAF8351E24193F9E00FDF9D2 /* ChatsViewModel.swift in Sources */,
				AAF834F82419297500FDF9D2 /* SignInViewModel.swift in Sources */,
				AAF834F02419258100FDF9D2 /* PasswordRecoveryViewController.swift in Sources */,
				AAF8351024193F5200FDF9D2 /* SettingsViewController.swift in Sources */,
				AAC0BC58241AB2B9008DFFFF /* MessengerRouter.swift in Sources */,
				867B2F7B2412585C00B16B01 /* AppDelegate.swift in Sources */,
				AAF834E1241920B200FDF9D2 /* GreetingViewController.swift in Sources */,
				AAF834E62419228100FDF9D2 /* SignInViewController.swift in Sources */,
				AAF834F62419296800FDF9D2 /* SignUpViewModel.swift in Sources */,
				AAF8351224193F5F00FDF9D2 /* SettingsViewModel.swift in Sources */,
			);
			runOnlyForDeploymentPostprocessing = 0;
		};
/* End PBXSourcesBuildPhase section */

/* Begin PBXVariantGroup section */
		867B2F802412585C00B16B01 /* Main.storyboard */ = {
			isa = PBXVariantGroup;
			children = (
				867B2F812412585C00B16B01 /* Base */,
			);
			name = Main.storyboard;
			sourceTree = "<group>";
		};
		867B2F852412586000B16B01 /* LaunchScreen.storyboard */ = {
			isa = PBXVariantGroup;
			children = (
				867B2F862412586000B16B01 /* Base */,
			);
			name = LaunchScreen.storyboard;
			sourceTree = "<group>";
		};
/* End PBXVariantGroup section */

/* Begin XCBuildConfiguration section */
		867B2F892412586000B16B01 /* Debug */ = {
			isa = XCBuildConfiguration;
			buildSettings = {
				ALWAYS_SEARCH_USER_PATHS = NO;
				CLANG_ANALYZER_NONNULL = YES;
				CLANG_ANALYZER_NUMBER_OBJECT_CONVERSION = YES_AGGRESSIVE;
				CLANG_CXX_LANGUAGE_STANDARD = "gnu++14";
				CLANG_CXX_LIBRARY = "libc++";
				CLANG_ENABLE_MODULES = YES;
				CLANG_ENABLE_OBJC_ARC = YES;
				CLANG_ENABLE_OBJC_WEAK = YES;
				CLANG_WARN_BLOCK_CAPTURE_AUTORELEASING = YES;
				CLANG_WARN_BOOL_CONVERSION = YES;
				CLANG_WARN_COMMA = YES;
				CLANG_WARN_CONSTANT_CONVERSION = YES;
				CLANG_WARN_DEPRECATED_OBJC_IMPLEMENTATIONS = YES;
				CLANG_WARN_DIRECT_OBJC_ISA_USAGE = YES_ERROR;
				CLANG_WARN_DOCUMENTATION_COMMENTS = YES;
				CLANG_WARN_EMPTY_BODY = YES;
				CLANG_WARN_ENUM_CONVERSION = YES;
				CLANG_WARN_INFINITE_RECURSION = YES;
				CLANG_WARN_INT_CONVERSION = YES;
				CLANG_WARN_NON_LITERAL_NULL_CONVERSION = YES;
				CLANG_WARN_OBJC_IMPLICIT_RETAIN_SELF = YES;
				CLANG_WARN_OBJC_LITERAL_CONVERSION = YES;
				CLANG_WARN_OBJC_ROOT_CLASS = YES_ERROR;
				CLANG_WARN_RANGE_LOOP_ANALYSIS = YES;
				CLANG_WARN_STRICT_PROTOTYPES = YES;
				CLANG_WARN_SUSPICIOUS_MOVE = YES;
				CLANG_WARN_UNGUARDED_AVAILABILITY = YES_AGGRESSIVE;
				CLANG_WARN_UNREACHABLE_CODE = YES;
				CLANG_WARN__DUPLICATE_METHOD_MATCH = YES;
				COPY_PHASE_STRIP = NO;
				DEBUG_INFORMATION_FORMAT = dwarf;
				ENABLE_STRICT_OBJC_MSGSEND = YES;
				ENABLE_TESTABILITY = YES;
				GCC_C_LANGUAGE_STANDARD = gnu11;
				GCC_DYNAMIC_NO_PIC = NO;
				GCC_NO_COMMON_BLOCKS = YES;
				GCC_OPTIMIZATION_LEVEL = 0;
				GCC_PREPROCESSOR_DEFINITIONS = (
					"DEBUG=1",
					"$(inherited)",
				);
				GCC_WARN_64_TO_32_BIT_CONVERSION = YES;
				GCC_WARN_ABOUT_RETURN_TYPE = YES_ERROR;
				GCC_WARN_UNDECLARED_SELECTOR = YES;
				GCC_WARN_UNINITIALIZED_AUTOS = YES_AGGRESSIVE;
				GCC_WARN_UNUSED_FUNCTION = YES;
				GCC_WARN_UNUSED_VARIABLE = YES;
				IPHONEOS_DEPLOYMENT_TARGET = 13.2;
				MTL_ENABLE_DEBUG_INFO = INCLUDE_SOURCE;
				MTL_FAST_MATH = YES;
				ONLY_ACTIVE_ARCH = YES;
				SDKROOT = iphoneos;
				SWIFT_ACTIVE_COMPILATION_CONDITIONS = DEBUG;
				SWIFT_OPTIMIZATION_LEVEL = "-Onone";
			};
			name = Debug;
		};
		867B2F8A2412586000B16B01 /* Release */ = {
			isa = XCBuildConfiguration;
			buildSettings = {
				ALWAYS_SEARCH_USER_PATHS = NO;
				CLANG_ANALYZER_NONNULL = YES;
				CLANG_ANALYZER_NUMBER_OBJECT_CONVERSION = YES_AGGRESSIVE;
				CLANG_CXX_LANGUAGE_STANDARD = "gnu++14";
				CLANG_CXX_LIBRARY = "libc++";
				CLANG_ENABLE_MODULES = YES;
				CLANG_ENABLE_OBJC_ARC = YES;
				CLANG_ENABLE_OBJC_WEAK = YES;
				CLANG_WARN_BLOCK_CAPTURE_AUTORELEASING = YES;
				CLANG_WARN_BOOL_CONVERSION = YES;
				CLANG_WARN_COMMA = YES;
				CLANG_WARN_CONSTANT_CONVERSION = YES;
				CLANG_WARN_DEPRECATED_OBJC_IMPLEMENTATIONS = YES;
				CLANG_WARN_DIRECT_OBJC_ISA_USAGE = YES_ERROR;
				CLANG_WARN_DOCUMENTATION_COMMENTS = YES;
				CLANG_WARN_EMPTY_BODY = YES;
				CLANG_WARN_ENUM_CONVERSION = YES;
				CLANG_WARN_INFINITE_RECURSION = YES;
				CLANG_WARN_INT_CONVERSION = YES;
				CLANG_WARN_NON_LITERAL_NULL_CONVERSION = YES;
				CLANG_WARN_OBJC_IMPLICIT_RETAIN_SELF = YES;
				CLANG_WARN_OBJC_LITERAL_CONVERSION = YES;
				CLANG_WARN_OBJC_ROOT_CLASS = YES_ERROR;
				CLANG_WARN_RANGE_LOOP_ANALYSIS = YES;
				CLANG_WARN_STRICT_PROTOTYPES = YES;
				CLANG_WARN_SUSPICIOUS_MOVE = YES;
				CLANG_WARN_UNGUARDED_AVAILABILITY = YES_AGGRESSIVE;
				CLANG_WARN_UNREACHABLE_CODE = YES;
				CLANG_WARN__DUPLICATE_METHOD_MATCH = YES;
				COPY_PHASE_STRIP = NO;
				DEBUG_INFORMATION_FORMAT = "dwarf-with-dsym";
				ENABLE_NS_ASSERTIONS = NO;
				ENABLE_STRICT_OBJC_MSGSEND = YES;
				GCC_C_LANGUAGE_STANDARD = gnu11;
				GCC_NO_COMMON_BLOCKS = YES;
				GCC_WARN_64_TO_32_BIT_CONVERSION = YES;
				GCC_WARN_ABOUT_RETURN_TYPE = YES_ERROR;
				GCC_WARN_UNDECLARED_SELECTOR = YES;
				GCC_WARN_UNINITIALIZED_AUTOS = YES_AGGRESSIVE;
				GCC_WARN_UNUSED_FUNCTION = YES;
				GCC_WARN_UNUSED_VARIABLE = YES;
				IPHONEOS_DEPLOYMENT_TARGET = 13.2;
				MTL_ENABLE_DEBUG_INFO = NO;
				MTL_FAST_MATH = YES;
				SDKROOT = iphoneos;
				SWIFT_COMPILATION_MODE = wholemodule;
				SWIFT_OPTIMIZATION_LEVEL = "-O";
				VALIDATE_PRODUCT = YES;
			};
			name = Release;
		};
		867B2F8C2412586000B16B01 /* Debug */ = {
			isa = XCBuildConfiguration;
			buildSettings = {
				ASSETCATALOG_COMPILER_APPICON_NAME = AppIcon;
				CODE_SIGN_STYLE = Automatic;
				DEVELOPMENT_TEAM = SA46VNKRBQ;
				INFOPLIST_FILE = Messenger/Info.plist;
				IPHONEOS_DEPLOYMENT_TARGET = 13.2;
				LD_RUNPATH_SEARCH_PATHS = (
					"$(inherited)",
					"@executable_path/Frameworks",
				);
				PRODUCT_BUNDLE_IDENTIFIER = "Anastasia-Demidova.Messenger";
				PRODUCT_NAME = "$(TARGET_NAME)";
				SWIFT_VERSION = 5.0;
				TARGETED_DEVICE_FAMILY = 1;
			};
			name = Debug;
		};
		867B2F8D2412586000B16B01 /* Release */ = {
			isa = XCBuildConfiguration;
			buildSettings = {
				ASSETCATALOG_COMPILER_APPICON_NAME = AppIcon;
				CODE_SIGN_STYLE = Automatic;
				DEVELOPMENT_TEAM = SA46VNKRBQ;
				INFOPLIST_FILE = Messenger/Info.plist;
				IPHONEOS_DEPLOYMENT_TARGET = 13.2;
				LD_RUNPATH_SEARCH_PATHS = (
					"$(inherited)",
					"@executable_path/Frameworks",
				);
				PRODUCT_BUNDLE_IDENTIFIER = "Anastasia-Demidova.Messenger";
				PRODUCT_NAME = "$(TARGET_NAME)";
				SWIFT_VERSION = 5.0;
				TARGETED_DEVICE_FAMILY = 1;
			};
			name = Release;
		};
/* End XCBuildConfiguration section */

/* Begin XCConfigurationList section */
		867B2F722412585C00B16B01 /* Build configuration list for PBXProject "Messenger" */ = {
			isa = XCConfigurationList;
			buildConfigurations = (
				867B2F892412586000B16B01 /* Debug */,
				867B2F8A2412586000B16B01 /* Release */,
			);
			defaultConfigurationIsVisible = 0;
			defaultConfigurationName = Release;
		};
		867B2F8B2412586000B16B01 /* Build configuration list for PBXNativeTarget "Messenger" */ = {
			isa = XCConfigurationList;
			buildConfigurations = (
				867B2F8C2412586000B16B01 /* Debug */,
				867B2F8D2412586000B16B01 /* Release */,
			);
			defaultConfigurationIsVisible = 0;
			defaultConfigurationName = Release;
		};
/* End XCConfigurationList section */
	};
	rootObject = 867B2F6F2412585C00B16B01 /* Project object */;
}
